
Microsoft Visual Studio Solution File, Format Version 12.00
# Visual Studio 15
VisualStudioVersion = 15.0.28307.168
MinimumVisualStudioVersion = 10.0.40219.1
Project("{FAE04EC0-301F-11D3-BF4B-00C04F79EFBC}") = "WindowsFormsApp1", "WindowsFormsApp1\WindowsFormsApp1.csproj", "{D6E063F1-B023-43EA-9B46-62976163D4DF}"
EndProject
Global
	GlobalSection(SolutionConfigurationPlatforms) = preSolution
		Debug|Any CPU = Debug|Any CPU
		Release|Any CPU = Release|Any CPU
	EndGlobalSection
	GlobalSection(ProjectConfigurationPlatforms) = postSolution
		{D6E063F1-B023-43EA-9B46-62976163D4DF}.Debug|Any CPU.ActiveCfg = Debug|Any CPU
		{D6E063F1-B023-43EA-9B46-62976163D4DF}.Debug|Any CPU.Build.0 = Debug|Any CPU
		{D6E063F1-B023-43EA-9B46-62976163D4DF}.Release|Any CPU.ActiveCfg = Release|Any CPU
		{D6E063F1-B023-43EA-9B46-62976163D4DF}.Release|Any CPU.Build.0 = Release|Any CPU
	EndGlobalSection
	GlobalSection(SolutionProperties) = preSolution
		HideSolutionNode = FALSE
	EndGlobalSection
	GlobalSection(ExtensibilityGlobals) = postSolution
		SolutionGuid = {1803A343-9015-40CE-8319-F3FFC14B9B67}
	EndGlobalSection
EndGlobal
