
Microsoft Visual Studio Solution File, Format Version 12.00
# Visual Studio Version 16
VisualStudioVersion = 16.0.28803.202
MinimumVisualStudioVersion = 10.0.40219.1
Project("{FAE04EC0-301F-11D3-BF4B-00C04F79EFBC}") = "屏幕截图合成", "屏幕截图合成\屏幕截图合成.csproj", "{814947A8-4E7D-4327-8C94-40CED0B93A5B}"
EndProject
Project("{FAE04EC0-301F-11D3-BF4B-00C04F79EFBC}") = "myDLL", "..\..\2020项目\总项目解决方案\myDLL\myDLL.csproj", "{BA236BE9-F18C-40F4-8015-1D3AE2E89448}"
EndProject
Project("{FAE04EC0-301F-11D3-BF4B-00C04F79EFBC}") = "短信群发", "短信群发\短信群发.csproj", "{50AD64E6-8690-4BA5-B263-581E2219A8B0}"
EndProject
Project("{FAE04EC0-301F-11D3-BF4B-00C04F79EFBC}") = "主程序202202", "主程序202202\主程序202202.csproj", "{7FB99DF4-FD19-495F-B2A9-59119AC1FB5E}"
EndProject
Project("{FAE04EC0-301F-11D3-BF4B-00C04F79EFBC}") = "抖音直播", "抖音直播\抖音直播.csproj", "{9B29D5B4-D047-4C6D-B45E-532ADA686625}"
EndProject
Project("{FAE04EC0-301F-11D3-BF4B-00C04F79EFBC}") = "helper", "..\..\2020项目\总项目解决方案\helper\helper.csproj", "{4AB3B912-E9F2-4425-82C0-505BDA466258}"
EndProject
Project("{FAE04EC0-301F-11D3-BF4B-00C04F79EFBC}") = "基鹿工具箱", "基鹿工具箱\基鹿工具箱.csproj", "{BC695ABB-06FF-401F-94A3-51E8A19B1997}"
EndProject
Project("{FAE04EC0-301F-11D3-BF4B-00C04F79EFBC}") = "小红书图片采集", "小红书图片采集\小红书图片采集.csproj", "{3AFE6F08-7117-4AA7-AD42-C276854E890A}"
EndProject
Project("{FAE04EC0-301F-11D3-BF4B-00C04F79EFBC}") = "新浪研报", "新浪研报\新浪研报.csproj", "{533EF9C9-8198-4D8A-800B-7D3256CDE6D9}"
EndProject
Project("{FAE04EC0-301F-11D3-BF4B-00C04F79EFBC}") = "中国智慧社区服务网", "中国智慧社区服务网\中国智慧社区服务网.csproj", "{21DDF247-D19F-4BF9-9779-07BC3A05251E}"
EndProject
Project("{FAE04EC0-301F-11D3-BF4B-00C04F79EFBC}") = "停车信息监控", "停车信息监控\停车信息监控.csproj", "{2137901A-C592-4D34-9584-B39C1DE7D5C9}"
EndProject
Project("{FAE04EC0-301F-11D3-BF4B-00C04F79EFBC}") = "孔网删除", "孔网删除\孔网删除.csproj", "{73182929-6D25-49FC-B1BE-13F6467E0028}"
EndProject
Project("{FAE04EC0-301F-11D3-BF4B-00C04F79EFBC}") = "浙江企业基础信息查询", "浙江企业基础信息查询\浙江企业基础信息查询.csproj", "{3C270202-03F9-4417-807F-F59FA2DACF0D}"
EndProject
Project("{FAE04EC0-301F-11D3-BF4B-00C04F79EFBC}") = "口腔产品批量上传", "口腔产品批量上传\口腔产品批量上传.csproj", "{81135336-8B74-4BF5-BEF8-E3E19E2B3CCB}"
EndProject
Project("{FAE04EC0-301F-11D3-BF4B-00C04F79EFBC}") = "亚马逊星级评论统计", "亚马逊星级评论统计\亚马逊星级评论统计.csproj", "{4A677F28-F2A7-4CDB-AB42-4CEAF5C86564}"
EndProject
Project("{FAE04EC0-301F-11D3-BF4B-00C04F79EFBC}") = "关键词挖掘360", "关键词挖掘360\关键词挖掘360.csproj", "{7CBA7358-F993-42CF-9265-E8DB791E3390}"
EndProject
Project("{FAE04EC0-301F-11D3-BF4B-00C04F79EFBC}") = "stockx网站价格", "..\..\2020项目\总项目解决方案\2020_1\stockx网站价格\stockx网站价格.csproj", "{71808F8C-98FA-412D-B205-FDF9EDC1D5A2}"
EndProject
Project("{FAE04EC0-301F-11D3-BF4B-00C04F79EFBC}") = "模拟采集", "..\..\2020项目\总项目解决方案\2020_1\模拟采集\模拟采集.csproj", "{DA5D02B1-5CBF-4FC5-8A75-F4675BA32D9A}"
EndProject
Project("{FAE04EC0-301F-11D3-BF4B-00C04F79EFBC}") = "百姓二手车", "..\..\2021项目\总项目解决方案2021\项目集合\百姓二手车\百姓二手车.csproj", "{B915F3EC-DD85-41E0-97AB-5653D3D8A762}"
EndProject
Project("{FAE04EC0-301F-11D3-BF4B-00C04F79EFBC}") = "软件工具箱", "软件工具箱\软件工具箱.csproj", "{4497E85A-5EE6-4589-91DC-1764CAEEECF6}"
EndProject
Global
	GlobalSection(SolutionConfigurationPlatforms) = preSolution
		Debug|Any CPU = Debug|Any CPU
		Release|Any CPU = Release|Any CPU
	EndGlobalSection
	GlobalSection(ProjectConfigurationPlatforms) = postSolution
		{814947A8-4E7D-4327-8C94-40CED0B93A5B}.Debug|Any CPU.ActiveCfg = Debug|Any CPU
		{814947A8-4E7D-4327-8C94-40CED0B93A5B}.Debug|Any CPU.Build.0 = Debug|Any CPU
		{814947A8-4E7D-4327-8C94-40CED0B93A5B}.Release|Any CPU.ActiveCfg = Release|Any CPU
		{814947A8-4E7D-4327-8C94-40CED0B93A5B}.Release|Any CPU.Build.0 = Release|Any CPU
		{BA236BE9-F18C-40F4-8015-1D3AE2E89448}.Debug|Any CPU.ActiveCfg = Debug|Any CPU
		{BA236BE9-F18C-40F4-8015-1D3AE2E89448}.Debug|Any CPU.Build.0 = Debug|Any CPU
		{BA236BE9-F18C-40F4-8015-1D3AE2E89448}.Release|Any CPU.ActiveCfg = Release|Any CPU
		{BA236BE9-F18C-40F4-8015-1D3AE2E89448}.Release|Any CPU.Build.0 = Release|Any CPU
		{50AD64E6-8690-4BA5-B263-581E2219A8B0}.Debug|Any CPU.ActiveCfg = Debug|Any CPU
		{50AD64E6-8690-4BA5-B263-581E2219A8B0}.Debug|Any CPU.Build.0 = Debug|Any CPU
		{50AD64E6-8690-4BA5-B263-581E2219A8B0}.Release|Any CPU.ActiveCfg = Release|Any CPU
		{50AD64E6-8690-4BA5-B263-581E2219A8B0}.Release|Any CPU.Build.0 = Release|Any CPU
		{7FB99DF4-FD19-495F-B2A9-59119AC1FB5E}.Debug|Any CPU.ActiveCfg = Debug|Any CPU
		{7FB99DF4-FD19-495F-B2A9-59119AC1FB5E}.Debug|Any CPU.Build.0 = Debug|Any CPU
		{7FB99DF4-FD19-495F-B2A9-59119AC1FB5E}.Release|Any CPU.ActiveCfg = Release|Any CPU
		{7FB99DF4-FD19-495F-B2A9-59119AC1FB5E}.Release|Any CPU.Build.0 = Release|Any CPU
		{9B29D5B4-D047-4C6D-B45E-532ADA686625}.Debug|Any CPU.ActiveCfg = Debug|Any CPU
		{9B29D5B4-D047-4C6D-B45E-532ADA686625}.Debug|Any CPU.Build.0 = Debug|Any CPU
		{9B29D5B4-D047-4C6D-B45E-532ADA686625}.Release|Any CPU.ActiveCfg = Release|Any CPU
		{9B29D5B4-D047-4C6D-B45E-532ADA686625}.Release|Any CPU.Build.0 = Release|Any CPU
		{4AB3B912-E9F2-4425-82C0-505BDA466258}.Debug|Any CPU.ActiveCfg = Debug|Any CPU
		{4AB3B912-E9F2-4425-82C0-505BDA466258}.Debug|Any CPU.Build.0 = Debug|Any CPU
		{4AB3B912-E9F2-4425-82C0-505BDA466258}.Release|Any CPU.ActiveCfg = Release|Any CPU
		{4AB3B912-E9F2-4425-82C0-505BDA466258}.Release|Any CPU.Build.0 = Release|Any CPU
		{BC695ABB-06FF-401F-94A3-51E8A19B1997}.Debug|Any CPU.ActiveCfg = Debug|Any CPU
		{BC695ABB-06FF-401F-94A3-51E8A19B1997}.Debug|Any CPU.Build.0 = Debug|Any CPU
		{BC695ABB-06FF-401F-94A3-51E8A19B1997}.Release|Any CPU.ActiveCfg = Release|Any CPU
		{BC695ABB-06FF-401F-94A3-51E8A19B1997}.Release|Any CPU.Build.0 = Release|Any CPU
		{3AFE6F08-7117-4AA7-AD42-C276854E890A}.Debug|Any CPU.ActiveCfg = Debug|Any CPU
		{3AFE6F08-7117-4AA7-AD42-C276854E890A}.Debug|Any CPU.Build.0 = Debug|Any CPU
		{3AFE6F08-7117-4AA7-AD42-C276854E890A}.Release|Any CPU.ActiveCfg = Release|Any CPU
		{3AFE6F08-7117-4AA7-AD42-C276854E890A}.Release|Any CPU.Build.0 = Release|Any CPU
		{533EF9C9-8198-4D8A-800B-7D3256CDE6D9}.Debug|Any CPU.ActiveCfg = Debug|Any CPU
		{533EF9C9-8198-4D8A-800B-7D3256CDE6D9}.Debug|Any CPU.Build.0 = Debug|Any CPU
		{533EF9C9-8198-4D8A-800B-7D3256CDE6D9}.Release|Any CPU.ActiveCfg = Release|Any CPU
		{533EF9C9-8198-4D8A-800B-7D3256CDE6D9}.Release|Any CPU.Build.0 = Release|Any CPU
		{21DDF247-D19F-4BF9-9779-07BC3A05251E}.Debug|Any CPU.ActiveCfg = Debug|Any CPU
		{21DDF247-D19F-4BF9-9779-07BC3A05251E}.Debug|Any CPU.Build.0 = Debug|Any CPU
		{21DDF247-D19F-4BF9-9779-07BC3A05251E}.Release|Any CPU.ActiveCfg = Release|Any CPU
		{21DDF247-D19F-4BF9-9779-07BC3A05251E}.Release|Any CPU.Build.0 = Release|Any CPU
		{2137901A-C592-4D34-9584-B39C1DE7D5C9}.Debug|Any CPU.ActiveCfg = Debug|Any CPU
		{2137901A-C592-4D34-9584-B39C1DE7D5C9}.Debug|Any CPU.Build.0 = Debug|Any CPU
		{2137901A-C592-4D34-9584-B39C1DE7D5C9}.Release|Any CPU.ActiveCfg = Release|Any CPU
		{2137901A-C592-4D34-9584-B39C1DE7D5C9}.Release|Any CPU.Build.0 = Release|Any CPU
		{73182929-6D25-49FC-B1BE-13F6467E0028}.Debug|Any CPU.ActiveCfg = Debug|Any CPU
		{73182929-6D25-49FC-B1BE-13F6467E0028}.Debug|Any CPU.Build.0 = Debug|Any CPU
		{73182929-6D25-49FC-B1BE-13F6467E0028}.Release|Any CPU.ActiveCfg = Release|Any CPU
		{73182929-6D25-49FC-B1BE-13F6467E0028}.Release|Any CPU.Build.0 = Release|Any CPU
		{3C270202-03F9-4417-807F-F59FA2DACF0D}.Debug|Any CPU.ActiveCfg = Debug|Any CPU
		{3C270202-03F9-4417-807F-F59FA2DACF0D}.Debug|Any CPU.Build.0 = Debug|Any CPU
		{3C270202-03F9-4417-807F-F59FA2DACF0D}.Release|Any CPU.ActiveCfg = Release|Any CPU
		{3C270202-03F9-4417-807F-F59FA2DACF0D}.Release|Any CPU.Build.0 = Release|Any CPU
		{81135336-8B74-4BF5-BEF8-E3E19E2B3CCB}.Debug|Any CPU.ActiveCfg = Debug|Any CPU
		{81135336-8B74-4BF5-BEF8-E3E19E2B3CCB}.Debug|Any CPU.Build.0 = Debug|Any CPU
		{81135336-8B74-4BF5-BEF8-E3E19E2B3CCB}.Release|Any CPU.ActiveCfg = Release|Any CPU
		{81135336-8B74-4BF5-BEF8-E3E19E2B3CCB}.Release|Any CPU.Build.0 = Release|Any CPU
		{4A677F28-F2A7-4CDB-AB42-4CEAF5C86564}.Debug|Any CPU.ActiveCfg = Debug|Any CPU
		{4A677F28-F2A7-4CDB-AB42-4CEAF5C86564}.Debug|Any CPU.Build.0 = Debug|Any CPU
		{4A677F28-F2A7-4CDB-AB42-4CEAF5C86564}.Release|Any CPU.ActiveCfg = Release|Any CPU
		{4A677F28-F2A7-4CDB-AB42-4CEAF5C86564}.Release|Any CPU.Build.0 = Release|Any CPU
		{7CBA7358-F993-42CF-9265-E8DB791E3390}.Debug|Any CPU.ActiveCfg = Debug|Any CPU
		{7CBA7358-F993-42CF-9265-E8DB791E3390}.Debug|Any CPU.Build.0 = Debug|Any CPU
		{7CBA7358-F993-42CF-9265-E8DB791E3390}.Release|Any CPU.ActiveCfg = Release|Any CPU
		{7CBA7358-F993-42CF-9265-E8DB791E3390}.Release|Any CPU.Build.0 = Release|Any CPU
		{71808F8C-98FA-412D-B205-FDF9EDC1D5A2}.Debug|Any CPU.ActiveCfg = Debug|Any CPU
		{71808F8C-98FA-412D-B205-FDF9EDC1D5A2}.Debug|Any CPU.Build.0 = Debug|Any CPU
		{71808F8C-98FA-412D-B205-FDF9EDC1D5A2}.Release|Any CPU.ActiveCfg = Release|Any CPU
		{71808F8C-98FA-412D-B205-FDF9EDC1D5A2}.Release|Any CPU.Build.0 = Release|Any CPU
		{DA5D02B1-5CBF-4FC5-8A75-F4675BA32D9A}.Debug|Any CPU.ActiveCfg = Debug|Any CPU
		{DA5D02B1-5CBF-4FC5-8A75-F4675BA32D9A}.Debug|Any CPU.Build.0 = Debug|Any CPU
		{DA5D02B1-5CBF-4FC5-8A75-F4675BA32D9A}.Release|Any CPU.ActiveCfg = Release|Any CPU
		{DA5D02B1-5CBF-4FC5-8A75-F4675BA32D9A}.Release|Any CPU.Build.0 = Release|Any CPU
		{B915F3EC-DD85-41E0-97AB-5653D3D8A762}.Debug|Any CPU.ActiveCfg = Debug|Any CPU
		{B915F3EC-DD85-41E0-97AB-5653D3D8A762}.Debug|Any CPU.Build.0 = Debug|Any CPU
		{B915F3EC-DD85-41E0-97AB-5653D3D8A762}.Release|Any CPU.ActiveCfg = Release|Any CPU
		{B915F3EC-DD85-41E0-97AB-5653D3D8A762}.Release|Any CPU.Build.0 = Release|Any CPU
		{4497E85A-5EE6-4589-91DC-1764CAEEECF6}.Debug|Any CPU.ActiveCfg = Debug|Any CPU
		{4497E85A-5EE6-4589-91DC-1764CAEEECF6}.Debug|Any CPU.Build.0 = Debug|Any CPU
		{4497E85A-5EE6-4589-91DC-1764CAEEECF6}.Release|Any CPU.ActiveCfg = Release|Any CPU
		{4497E85A-5EE6-4589-91DC-1764CAEEECF6}.Release|Any CPU.Build.0 = Release|Any CPU
	EndGlobalSection
	GlobalSection(SolutionProperties) = preSolution
		HideSolutionNode = FALSE
	EndGlobalSection
	GlobalSection(ExtensibilityGlobals) = postSolution
		SolutionGuid = {042617EC-1A80-4503-B056-E33A417ECF6F}
	EndGlobalSection
EndGlobal
