
Microsoft Visual Studio Solution File, Format Version 12.00
# Visual Studio Version 17
VisualStudioVersion = 17.1.32414.318
MinimumVisualStudioVersion = 10.0.40219.1
Project("{FAE04EC0-301F-11D3-BF4B-00C04F79EFBC}") = "主程序202203", "主程序202203\主程序202203.csproj", "{D9511734-6789-4E2E-93CA-DEC3B2437C5F}"
EndProject
Project("{FAE04EC0-301F-11D3-BF4B-00C04F79EFBC}") = "ASPnetWeb应用程序空", "..\..\2021项目\总项目解决方案2021\ASPnetWeb应用程序空\ASPnetWeb应用程序空.csproj", "{8A3F6C5A-79B4-4F0D-A1BF-E372961BDD5C}"
EndProject
Project("{FAE04EC0-301F-11D3-BF4B-00C04F79EFBC}") = "CEF主程序", "..\..\2021项目\总项目解决方案2021\CEF主程序\CEF主程序.csproj", "{0CE507C1-D9F1-417F-B6CE-4C596FE31256}"
EndProject
Project("{FAE04EC0-301F-11D3-BF4B-00C04F79EFBC}") = "客户美团", "..\..\2021项目\总项目解决方案2021\项目集合\客户美团\客户美团.csproj", "{8CEFDCD2-D773-45BA-822D-096ABB6DFE3C}"
EndProject
Project("{FAE04EC0-301F-11D3-BF4B-00C04F79EFBC}") = "主程序202206", "主程序202206\主程序202206.csproj", "{4897C27D-EB27-49C2-A794-A611A00E38B5}"
EndProject
Project("{FAE04EC0-301F-11D3-BF4B-00C04F79EFBC}") = "win007", "..\..\2021项目\总项目解决方案2021\win007\win007.csproj", "{882B8525-99B3-453A-A87E-5E7EBE82B87F}"
EndProject
Project("{FAE04EC0-301F-11D3-BF4B-00C04F79EFBC}") = "CEF外部登录", "CEF外部登录\CEF外部登录.csproj", "{0E7D6D17-3233-4E57-8CFD-C078EF39E72F}"
EndProject
Project("{FAE04EC0-301F-11D3-BF4B-00C04F79EFBC}") = "宿网办公助手", "宿网办公助手\宿网办公助手.csproj", "{ACDF6903-650D-4DC9-AAD7-D1100EB7D1C5}"
EndProject
Project("{FAE04EC0-301F-11D3-BF4B-00C04F79EFBC}") = "孔夫子APP", "孔夫子APP\孔夫子APP.csproj", "{BBEA6A00-F167-46FE-BA30-28ACF7B58FEC}"
EndProject
Project("{FAE04EC0-301F-11D3-BF4B-00C04F79EFBC}") = "孔夫子淘宝低价", "..\..\2021项目\总项目解决方案2021\项目集合\孔夫子淘宝低价\孔夫子淘宝低价.csproj", "{1F62840B-8740-40EE-B926-2CF8CC7821C9}"
EndProject
Project("{FAE04EC0-301F-11D3-BF4B-00C04F79EFBC}") = "titan007", "titan007\titan007.csproj", "{248BC5AD-9E91-4C38-8BDC-186E28563961}"
EndProject
Project("{FAE04EC0-301F-11D3-BF4B-00C04F79EFBC}") = "天猫店铺采集", "天猫店铺采集\天猫店铺采集.csproj", "{EB760F34-8882-4368-868A-119A6A569BDE}"
EndProject
Project("{FAE04EC0-301F-11D3-BF4B-00C04F79EFBC}") = "myDLL", "myDLL\myDLL.csproj", "{08FDAEA3-28B0-4FC6-B0C1-177322D27DFA}"
EndProject
Project("{FAE04EC0-301F-11D3-BF4B-00C04F79EFBC}") = "京东图片", "京东图片\京东图片.csproj", "{F8AF7139-2EDE-4E74-8F86-827751E11C80}"
EndProject
Project("{FAE04EC0-301F-11D3-BF4B-00C04F79EFBC}") = "主程序202305", "主程序202305\主程序202305.csproj", "{7EE5F484-DF20-4C32-953D-10BE64A37B40}"
EndProject
Project("{FAE04EC0-301F-11D3-BF4B-00C04F79EFBC}") = "京东价格对比", "..\..\2021项目\总项目解决方案2021\项目集合\京东价格对比\京东价格对比.csproj", "{CAC3088F-469A-43CB-B1EB-A0D15802A1D0}"
EndProject
Project("{FAE04EC0-301F-11D3-BF4B-00C04F79EFBC}") = "臻品定制", "臻品定制\臻品定制.csproj", "{F077ECCD-6210-4D05-8AB8-D17113A8A3C1}"
EndProject
Project("{FAE04EC0-301F-11D3-BF4B-00C04F79EFBC}") = "小谷吖", "小谷吖\小谷吖.csproj", "{62C8C460-3323-4AB6-B7F8-0D131C41BB3D}"
EndProject
Project("{FAE04EC0-301F-11D3-BF4B-00C04F79EFBC}") = "主程序202104", "..\..\2021项目\总项目解决方案2021\主程序202104\主程序202104.csproj", "{2BEE2235-B78E-4120-B2CF-239394DDA667}"
EndProject
Project("{FAE04EC0-301F-11D3-BF4B-00C04F79EFBC}") = "主程序202106", "..\..\2021项目\总项目解决方案2021\主程序202106\主程序202106.csproj", "{CF3FB382-5828-40A7-99E9-BDE21279843E}"
EndProject
Project("{FAE04EC0-301F-11D3-BF4B-00C04F79EFBC}") = "药房网", "..\..\2021项目\总项目解决方案2021\项目集合\药房网\药房网.csproj", "{5B50582D-40EE-4228-90C1-789665843B68}"
EndProject
Project("{FAE04EC0-301F-11D3-BF4B-00C04F79EFBC}") = "ASP药价中台", "药价中台\ASP药价中台.csproj", "{D152D9A6-6DCD-49C2-88CB-84CC69279C10}"
EndProject
Project("{FAE04EC0-301F-11D3-BF4B-00C04F79EFBC}") = "竞彩数据查询", "竞彩数据查询\竞彩数据查询.csproj", "{04675A11-09E4-43BB-852F-5B304CCBFB09}"
EndProject
Project("{FAE04EC0-301F-11D3-BF4B-00C04F79EFBC}") = "ASP券码管理", "ASP券码管理\ASP券码管理.csproj", "{E987B383-F445-445F-B0D1-EE67558C742E}"
EndProject
Global
	GlobalSection(SolutionConfigurationPlatforms) = preSolution
		Debug|Any CPU = Debug|Any CPU
		Debug|x64 = Debug|x64
		Debug|x86 = Debug|x86
		Release|Any CPU = Release|Any CPU
		Release|x64 = Release|x64
		Release|x86 = Release|x86
	EndGlobalSection
	GlobalSection(ProjectConfigurationPlatforms) = postSolution
		{D9511734-6789-4E2E-93CA-DEC3B2437C5F}.Debug|Any CPU.ActiveCfg = Debug|Any CPU
		{D9511734-6789-4E2E-93CA-DEC3B2437C5F}.Debug|Any CPU.Build.0 = Debug|Any CPU
		{D9511734-6789-4E2E-93CA-DEC3B2437C5F}.Debug|x64.ActiveCfg = Debug|Any CPU
		{D9511734-6789-4E2E-93CA-DEC3B2437C5F}.Debug|x64.Build.0 = Debug|Any CPU
		{D9511734-6789-4E2E-93CA-DEC3B2437C5F}.Debug|x86.ActiveCfg = Debug|Any CPU
		{D9511734-6789-4E2E-93CA-DEC3B2437C5F}.Debug|x86.Build.0 = Debug|Any CPU
		{D9511734-6789-4E2E-93CA-DEC3B2437C5F}.Release|Any CPU.ActiveCfg = Release|Any CPU
		{D9511734-6789-4E2E-93CA-DEC3B2437C5F}.Release|Any CPU.Build.0 = Release|Any CPU
		{D9511734-6789-4E2E-93CA-DEC3B2437C5F}.Release|x64.ActiveCfg = Release|Any CPU
		{D9511734-6789-4E2E-93CA-DEC3B2437C5F}.Release|x64.Build.0 = Release|Any CPU
		{D9511734-6789-4E2E-93CA-DEC3B2437C5F}.Release|x86.ActiveCfg = Release|Any CPU
		{D9511734-6789-4E2E-93CA-DEC3B2437C5F}.Release|x86.Build.0 = Release|Any CPU
		{8A3F6C5A-79B4-4F0D-A1BF-E372961BDD5C}.Debug|Any CPU.ActiveCfg = Debug|Any CPU
		{8A3F6C5A-79B4-4F0D-A1BF-E372961BDD5C}.Debug|Any CPU.Build.0 = Debug|Any CPU
		{8A3F6C5A-79B4-4F0D-A1BF-E372961BDD5C}.Debug|x64.ActiveCfg = Debug|Any CPU
		{8A3F6C5A-79B4-4F0D-A1BF-E372961BDD5C}.Debug|x64.Build.0 = Debug|Any CPU
		{8A3F6C5A-79B4-4F0D-A1BF-E372961BDD5C}.Debug|x86.ActiveCfg = Debug|Any CPU
		{8A3F6C5A-79B4-4F0D-A1BF-E372961BDD5C}.Debug|x86.Build.0 = Debug|Any CPU
		{8A3F6C5A-79B4-4F0D-A1BF-E372961BDD5C}.Release|Any CPU.ActiveCfg = Release|Any CPU
		{8A3F6C5A-79B4-4F0D-A1BF-E372961BDD5C}.Release|Any CPU.Build.0 = Release|Any CPU
		{8A3F6C5A-79B4-4F0D-A1BF-E372961BDD5C}.Release|x64.ActiveCfg = Release|Any CPU
		{8A3F6C5A-79B4-4F0D-A1BF-E372961BDD5C}.Release|x64.Build.0 = Release|Any CPU
		{8A3F6C5A-79B4-4F0D-A1BF-E372961BDD5C}.Release|x86.ActiveCfg = Release|Any CPU
		{8A3F6C5A-79B4-4F0D-A1BF-E372961BDD5C}.Release|x86.Build.0 = Release|Any CPU
		{0CE507C1-D9F1-417F-B6CE-4C596FE31256}.Debug|Any CPU.ActiveCfg = Debug|Any CPU
		{0CE507C1-D9F1-417F-B6CE-4C596FE31256}.Debug|Any CPU.Build.0 = Debug|Any CPU
		{0CE507C1-D9F1-417F-B6CE-4C596FE31256}.Debug|x64.ActiveCfg = Debug|Any CPU
		{0CE507C1-D9F1-417F-B6CE-4C596FE31256}.Debug|x64.Build.0 = Debug|Any CPU
		{0CE507C1-D9F1-417F-B6CE-4C596FE31256}.Debug|x86.ActiveCfg = Debug|Any CPU
		{0CE507C1-D9F1-417F-B6CE-4C596FE31256}.Debug|x86.Build.0 = Debug|Any CPU
		{0CE507C1-D9F1-417F-B6CE-4C596FE31256}.Release|Any CPU.ActiveCfg = Release|Any CPU
		{0CE507C1-D9F1-417F-B6CE-4C596FE31256}.Release|Any CPU.Build.0 = Release|Any CPU
		{0CE507C1-D9F1-417F-B6CE-4C596FE31256}.Release|x64.ActiveCfg = Release|Any CPU
		{0CE507C1-D9F1-417F-B6CE-4C596FE31256}.Release|x64.Build.0 = Release|Any CPU
		{0CE507C1-D9F1-417F-B6CE-4C596FE31256}.Release|x86.ActiveCfg = Release|Any CPU
		{0CE507C1-D9F1-417F-B6CE-4C596FE31256}.Release|x86.Build.0 = Release|Any CPU
		{8CEFDCD2-D773-45BA-822D-096ABB6DFE3C}.Debug|Any CPU.ActiveCfg = Debug|Any CPU
		{8CEFDCD2-D773-45BA-822D-096ABB6DFE3C}.Debug|Any CPU.Build.0 = Debug|Any CPU
		{8CEFDCD2-D773-45BA-822D-096ABB6DFE3C}.Debug|x64.ActiveCfg = Debug|Any CPU
		{8CEFDCD2-D773-45BA-822D-096ABB6DFE3C}.Debug|x64.Build.0 = Debug|Any CPU
		{8CEFDCD2-D773-45BA-822D-096ABB6DFE3C}.Debug|x86.ActiveCfg = Debug|Any CPU
		{8CEFDCD2-D773-45BA-822D-096ABB6DFE3C}.Debug|x86.Build.0 = Debug|Any CPU
		{8CEFDCD2-D773-45BA-822D-096ABB6DFE3C}.Release|Any CPU.ActiveCfg = Release|Any CPU
		{8CEFDCD2-D773-45BA-822D-096ABB6DFE3C}.Release|Any CPU.Build.0 = Release|Any CPU
		{8CEFDCD2-D773-45BA-822D-096ABB6DFE3C}.Release|x64.ActiveCfg = Release|Any CPU
		{8CEFDCD2-D773-45BA-822D-096ABB6DFE3C}.Release|x64.Build.0 = Release|Any CPU
		{8CEFDCD2-D773-45BA-822D-096ABB6DFE3C}.Release|x86.ActiveCfg = Release|Any CPU
		{8CEFDCD2-D773-45BA-822D-096ABB6DFE3C}.Release|x86.Build.0 = Release|Any CPU
		{4897C27D-EB27-49C2-A794-A611A00E38B5}.Debug|Any CPU.ActiveCfg = Debug|Any CPU
		{4897C27D-EB27-49C2-A794-A611A00E38B5}.Debug|Any CPU.Build.0 = Debug|Any CPU
		{4897C27D-EB27-49C2-A794-A611A00E38B5}.Debug|x64.ActiveCfg = Debug|Any CPU
		{4897C27D-EB27-49C2-A794-A611A00E38B5}.Debug|x64.Build.0 = Debug|Any CPU
		{4897C27D-EB27-49C2-A794-A611A00E38B5}.Debug|x86.ActiveCfg = Debug|Any CPU
		{4897C27D-EB27-49C2-A794-A611A00E38B5}.Debug|x86.Build.0 = Debug|Any CPU
		{4897C27D-EB27-49C2-A794-A611A00E38B5}.Release|Any CPU.ActiveCfg = Release|Any CPU
		{4897C27D-EB27-49C2-A794-A611A00E38B5}.Release|Any CPU.Build.0 = Release|Any CPU
		{4897C27D-EB27-49C2-A794-A611A00E38B5}.Release|x64.ActiveCfg = Release|Any CPU
		{4897C27D-EB27-49C2-A794-A611A00E38B5}.Release|x64.Build.0 = Release|Any CPU
		{4897C27D-EB27-49C2-A794-A611A00E38B5}.Release|x86.ActiveCfg = Release|Any CPU
		{4897C27D-EB27-49C2-A794-A611A00E38B5}.Release|x86.Build.0 = Release|Any CPU
		{882B8525-99B3-453A-A87E-5E7EBE82B87F}.Debug|Any CPU.ActiveCfg = Debug|Any CPU
		{882B8525-99B3-453A-A87E-5E7EBE82B87F}.Debug|Any CPU.Build.0 = Debug|Any CPU
		{882B8525-99B3-453A-A87E-5E7EBE82B87F}.Debug|x64.ActiveCfg = Debug|Any CPU
		{882B8525-99B3-453A-A87E-5E7EBE82B87F}.Debug|x64.Build.0 = Debug|Any CPU
		{882B8525-99B3-453A-A87E-5E7EBE82B87F}.Debug|x86.ActiveCfg = Debug|Any CPU
		{882B8525-99B3-453A-A87E-5E7EBE82B87F}.Debug|x86.Build.0 = Debug|Any CPU
		{882B8525-99B3-453A-A87E-5E7EBE82B87F}.Release|Any CPU.ActiveCfg = Release|Any CPU
		{882B8525-99B3-453A-A87E-5E7EBE82B87F}.Release|Any CPU.Build.0 = Release|Any CPU
		{882B8525-99B3-453A-A87E-5E7EBE82B87F}.Release|x64.ActiveCfg = Release|Any CPU
		{882B8525-99B3-453A-A87E-5E7EBE82B87F}.Release|x64.Build.0 = Release|Any CPU
		{882B8525-99B3-453A-A87E-5E7EBE82B87F}.Release|x86.ActiveCfg = Release|Any CPU
		{882B8525-99B3-453A-A87E-5E7EBE82B87F}.Release|x86.Build.0 = Release|Any CPU
		{0E7D6D17-3233-4E57-8CFD-C078EF39E72F}.Debug|Any CPU.ActiveCfg = Debug|Any CPU
		{0E7D6D17-3233-4E57-8CFD-C078EF39E72F}.Debug|Any CPU.Build.0 = Debug|Any CPU
		{0E7D6D17-3233-4E57-8CFD-C078EF39E72F}.Debug|x64.ActiveCfg = Debug|Any CPU
		{0E7D6D17-3233-4E57-8CFD-C078EF39E72F}.Debug|x64.Build.0 = Debug|Any CPU
		{0E7D6D17-3233-4E57-8CFD-C078EF39E72F}.Debug|x86.ActiveCfg = Debug|Any CPU
		{0E7D6D17-3233-4E57-8CFD-C078EF39E72F}.Debug|x86.Build.0 = Debug|Any CPU
		{0E7D6D17-3233-4E57-8CFD-C078EF39E72F}.Release|Any CPU.ActiveCfg = Release|Any CPU
		{0E7D6D17-3233-4E57-8CFD-C078EF39E72F}.Release|Any CPU.Build.0 = Release|Any CPU
		{0E7D6D17-3233-4E57-8CFD-C078EF39E72F}.Release|x64.ActiveCfg = Release|Any CPU
		{0E7D6D17-3233-4E57-8CFD-C078EF39E72F}.Release|x64.Build.0 = Release|Any CPU
		{0E7D6D17-3233-4E57-8CFD-C078EF39E72F}.Release|x86.ActiveCfg = Release|Any CPU
		{0E7D6D17-3233-4E57-8CFD-C078EF39E72F}.Release|x86.Build.0 = Release|Any CPU
		{ACDF6903-650D-4DC9-AAD7-D1100EB7D1C5}.Debug|Any CPU.ActiveCfg = Debug|Any CPU
		{ACDF6903-650D-4DC9-AAD7-D1100EB7D1C5}.Debug|Any CPU.Build.0 = Debug|Any CPU
		{ACDF6903-650D-4DC9-AAD7-D1100EB7D1C5}.Debug|x64.ActiveCfg = Debug|Any CPU
		{ACDF6903-650D-4DC9-AAD7-D1100EB7D1C5}.Debug|x64.Build.0 = Debug|Any CPU
		{ACDF6903-650D-4DC9-AAD7-D1100EB7D1C5}.Debug|x86.ActiveCfg = Debug|Any CPU
		{ACDF6903-650D-4DC9-AAD7-D1100EB7D1C5}.Debug|x86.Build.0 = Debug|Any CPU
		{ACDF6903-650D-4DC9-AAD7-D1100EB7D1C5}.Release|Any CPU.ActiveCfg = Release|Any CPU
		{ACDF6903-650D-4DC9-AAD7-D1100EB7D1C5}.Release|Any CPU.Build.0 = Release|Any CPU
		{ACDF6903-650D-4DC9-AAD7-D1100EB7D1C5}.Release|x64.ActiveCfg = Release|Any CPU
		{ACDF6903-650D-4DC9-AAD7-D1100EB7D1C5}.Release|x64.Build.0 = Release|Any CPU
		{ACDF6903-650D-4DC9-AAD7-D1100EB7D1C5}.Release|x86.ActiveCfg = Release|Any CPU
		{ACDF6903-650D-4DC9-AAD7-D1100EB7D1C5}.Release|x86.Build.0 = Release|Any CPU
		{BBEA6A00-F167-46FE-BA30-28ACF7B58FEC}.Debug|Any CPU.ActiveCfg = Debug|Any CPU
		{BBEA6A00-F167-46FE-BA30-28ACF7B58FEC}.Debug|Any CPU.Build.0 = Debug|Any CPU
		{BBEA6A00-F167-46FE-BA30-28ACF7B58FEC}.Debug|x64.ActiveCfg = Debug|Any CPU
		{BBEA6A00-F167-46FE-BA30-28ACF7B58FEC}.Debug|x64.Build.0 = Debug|Any CPU
		{BBEA6A00-F167-46FE-BA30-28ACF7B58FEC}.Debug|x86.ActiveCfg = Debug|Any CPU
		{BBEA6A00-F167-46FE-BA30-28ACF7B58FEC}.Debug|x86.Build.0 = Debug|Any CPU
		{BBEA6A00-F167-46FE-BA30-28ACF7B58FEC}.Release|Any CPU.ActiveCfg = Release|Any CPU
		{BBEA6A00-F167-46FE-BA30-28ACF7B58FEC}.Release|Any CPU.Build.0 = Release|Any CPU
		{BBEA6A00-F167-46FE-BA30-28ACF7B58FEC}.Release|x64.ActiveCfg = Release|Any CPU
		{BBEA6A00-F167-46FE-BA30-28ACF7B58FEC}.Release|x64.Build.0 = Release|Any CPU
		{BBEA6A00-F167-46FE-BA30-28ACF7B58FEC}.Release|x86.ActiveCfg = Release|Any CPU
		{BBEA6A00-F167-46FE-BA30-28ACF7B58FEC}.Release|x86.Build.0 = Release|Any CPU
		{1F62840B-8740-40EE-B926-2CF8CC7821C9}.Debug|Any CPU.ActiveCfg = Debug|Any CPU
		{1F62840B-8740-40EE-B926-2CF8CC7821C9}.Debug|Any CPU.Build.0 = Debug|Any CPU
		{1F62840B-8740-40EE-B926-2CF8CC7821C9}.Debug|x64.ActiveCfg = Debug|Any CPU
		{1F62840B-8740-40EE-B926-2CF8CC7821C9}.Debug|x64.Build.0 = Debug|Any CPU
		{1F62840B-8740-40EE-B926-2CF8CC7821C9}.Debug|x86.ActiveCfg = Debug|Any CPU
		{1F62840B-8740-40EE-B926-2CF8CC7821C9}.Debug|x86.Build.0 = Debug|Any CPU
		{1F62840B-8740-40EE-B926-2CF8CC7821C9}.Release|Any CPU.ActiveCfg = Release|Any CPU
		{1F62840B-8740-40EE-B926-2CF8CC7821C9}.Release|Any CPU.Build.0 = Release|Any CPU
		{1F62840B-8740-40EE-B926-2CF8CC7821C9}.Release|x64.ActiveCfg = Release|Any CPU
		{1F62840B-8740-40EE-B926-2CF8CC7821C9}.Release|x64.Build.0 = Release|Any CPU
		{1F62840B-8740-40EE-B926-2CF8CC7821C9}.Release|x86.ActiveCfg = Release|Any CPU
		{1F62840B-8740-40EE-B926-2CF8CC7821C9}.Release|x86.Build.0 = Release|Any CPU
		{248BC5AD-9E91-4C38-8BDC-186E28563961}.Debug|Any CPU.ActiveCfg = Debug|Any CPU
		{248BC5AD-9E91-4C38-8BDC-186E28563961}.Debug|Any CPU.Build.0 = Debug|Any CPU
		{248BC5AD-9E91-4C38-8BDC-186E28563961}.Debug|x64.ActiveCfg = Debug|Any CPU
		{248BC5AD-9E91-4C38-8BDC-186E28563961}.Debug|x64.Build.0 = Debug|Any CPU
		{248BC5AD-9E91-4C38-8BDC-186E28563961}.Debug|x86.ActiveCfg = Debug|Any CPU
		{248BC5AD-9E91-4C38-8BDC-186E28563961}.Debug|x86.Build.0 = Debug|Any CPU
		{248BC5AD-9E91-4C38-8BDC-186E28563961}.Release|Any CPU.ActiveCfg = Release|Any CPU
		{248BC5AD-9E91-4C38-8BDC-186E28563961}.Release|Any CPU.Build.0 = Release|Any CPU
		{248BC5AD-9E91-4C38-8BDC-186E28563961}.Release|x64.ActiveCfg = Release|Any CPU
		{248BC5AD-9E91-4C38-8BDC-186E28563961}.Release|x64.Build.0 = Release|Any CPU
		{248BC5AD-9E91-4C38-8BDC-186E28563961}.Release|x86.ActiveCfg = Release|Any CPU
		{248BC5AD-9E91-4C38-8BDC-186E28563961}.Release|x86.Build.0 = Release|Any CPU
		{EB760F34-8882-4368-868A-119A6A569BDE}.Debug|Any CPU.ActiveCfg = Debug|Any CPU
		{EB760F34-8882-4368-868A-119A6A569BDE}.Debug|Any CPU.Build.0 = Debug|Any CPU
		{EB760F34-8882-4368-868A-119A6A569BDE}.Debug|x64.ActiveCfg = Debug|Any CPU
		{EB760F34-8882-4368-868A-119A6A569BDE}.Debug|x64.Build.0 = Debug|Any CPU
		{EB760F34-8882-4368-868A-119A6A569BDE}.Debug|x86.ActiveCfg = Debug|Any CPU
		{EB760F34-8882-4368-868A-119A6A569BDE}.Debug|x86.Build.0 = Debug|Any CPU
		{EB760F34-8882-4368-868A-119A6A569BDE}.Release|Any CPU.ActiveCfg = Release|Any CPU
		{EB760F34-8882-4368-868A-119A6A569BDE}.Release|Any CPU.Build.0 = Release|Any CPU
		{EB760F34-8882-4368-868A-119A6A569BDE}.Release|x64.ActiveCfg = Release|Any CPU
		{EB760F34-8882-4368-868A-119A6A569BDE}.Release|x64.Build.0 = Release|Any CPU
		{EB760F34-8882-4368-868A-119A6A569BDE}.Release|x86.ActiveCfg = Release|Any CPU
		{EB760F34-8882-4368-868A-119A6A569BDE}.Release|x86.Build.0 = Release|Any CPU
		{08FDAEA3-28B0-4FC6-B0C1-177322D27DFA}.Debug|Any CPU.ActiveCfg = Debug|Any CPU
		{08FDAEA3-28B0-4FC6-B0C1-177322D27DFA}.Debug|Any CPU.Build.0 = Debug|Any CPU
		{08FDAEA3-28B0-4FC6-B0C1-177322D27DFA}.Debug|x64.ActiveCfg = Debug|Any CPU
		{08FDAEA3-28B0-4FC6-B0C1-177322D27DFA}.Debug|x64.Build.0 = Debug|Any CPU
		{08FDAEA3-28B0-4FC6-B0C1-177322D27DFA}.Debug|x86.ActiveCfg = Debug|Any CPU
		{08FDAEA3-28B0-4FC6-B0C1-177322D27DFA}.Debug|x86.Build.0 = Debug|Any CPU
		{08FDAEA3-28B0-4FC6-B0C1-177322D27DFA}.Release|Any CPU.ActiveCfg = Release|Any CPU
		{08FDAEA3-28B0-4FC6-B0C1-177322D27DFA}.Release|Any CPU.Build.0 = Release|Any CPU
		{08FDAEA3-28B0-4FC6-B0C1-177322D27DFA}.Release|x64.ActiveCfg = Release|Any CPU
		{08FDAEA3-28B0-4FC6-B0C1-177322D27DFA}.Release|x64.Build.0 = Release|Any CPU
		{08FDAEA3-28B0-4FC6-B0C1-177322D27DFA}.Release|x86.ActiveCfg = Release|Any CPU
		{08FDAEA3-28B0-4FC6-B0C1-177322D27DFA}.Release|x86.Build.0 = Release|Any CPU
		{F8AF7139-2EDE-4E74-8F86-827751E11C80}.Debug|Any CPU.ActiveCfg = Debug|Any CPU
		{F8AF7139-2EDE-4E74-8F86-827751E11C80}.Debug|Any CPU.Build.0 = Debug|Any CPU
		{F8AF7139-2EDE-4E74-8F86-827751E11C80}.Debug|x64.ActiveCfg = Debug|Any CPU
		{F8AF7139-2EDE-4E74-8F86-827751E11C80}.Debug|x64.Build.0 = Debug|Any CPU
		{F8AF7139-2EDE-4E74-8F86-827751E11C80}.Debug|x86.ActiveCfg = Debug|Any CPU
		{F8AF7139-2EDE-4E74-8F86-827751E11C80}.Debug|x86.Build.0 = Debug|Any CPU
		{F8AF7139-2EDE-4E74-8F86-827751E11C80}.Release|Any CPU.ActiveCfg = Release|Any CPU
		{F8AF7139-2EDE-4E74-8F86-827751E11C80}.Release|Any CPU.Build.0 = Release|Any CPU
		{F8AF7139-2EDE-4E74-8F86-827751E11C80}.Release|x64.ActiveCfg = Release|Any CPU
		{F8AF7139-2EDE-4E74-8F86-827751E11C80}.Release|x64.Build.0 = Release|Any CPU
		{F8AF7139-2EDE-4E74-8F86-827751E11C80}.Release|x86.ActiveCfg = Release|Any CPU
		{F8AF7139-2EDE-4E74-8F86-827751E11C80}.Release|x86.Build.0 = Release|Any CPU
		{7EE5F484-DF20-4C32-953D-10BE64A37B40}.Debug|Any CPU.ActiveCfg = Debug|Any CPU
		{7EE5F484-DF20-4C32-953D-10BE64A37B40}.Debug|Any CPU.Build.0 = Debug|Any CPU
		{7EE5F484-DF20-4C32-953D-10BE64A37B40}.Debug|x64.ActiveCfg = Debug|Any CPU
		{7EE5F484-DF20-4C32-953D-10BE64A37B40}.Debug|x64.Build.0 = Debug|Any CPU
		{7EE5F484-DF20-4C32-953D-10BE64A37B40}.Debug|x86.ActiveCfg = Debug|Any CPU
		{7EE5F484-DF20-4C32-953D-10BE64A37B40}.Debug|x86.Build.0 = Debug|Any CPU
		{7EE5F484-DF20-4C32-953D-10BE64A37B40}.Release|Any CPU.ActiveCfg = Release|Any CPU
		{7EE5F484-DF20-4C32-953D-10BE64A37B40}.Release|Any CPU.Build.0 = Release|Any CPU
		{7EE5F484-DF20-4C32-953D-10BE64A37B40}.Release|x64.ActiveCfg = Release|Any CPU
		{7EE5F484-DF20-4C32-953D-10BE64A37B40}.Release|x64.Build.0 = Release|Any CPU
		{7EE5F484-DF20-4C32-953D-10BE64A37B40}.Release|x86.ActiveCfg = Release|Any CPU
		{7EE5F484-DF20-4C32-953D-10BE64A37B40}.Release|x86.Build.0 = Release|Any CPU
		{CAC3088F-469A-43CB-B1EB-A0D15802A1D0}.Debug|Any CPU.ActiveCfg = Debug|Any CPU
		{CAC3088F-469A-43CB-B1EB-A0D15802A1D0}.Debug|Any CPU.Build.0 = Debug|Any CPU
		{CAC3088F-469A-43CB-B1EB-A0D15802A1D0}.Debug|x64.ActiveCfg = Debug|Any CPU
		{CAC3088F-469A-43CB-B1EB-A0D15802A1D0}.Debug|x64.Build.0 = Debug|Any CPU
		{CAC3088F-469A-43CB-B1EB-A0D15802A1D0}.Debug|x86.ActiveCfg = Debug|Any CPU
		{CAC3088F-469A-43CB-B1EB-A0D15802A1D0}.Debug|x86.Build.0 = Debug|Any CPU
		{CAC3088F-469A-43CB-B1EB-A0D15802A1D0}.Release|Any CPU.ActiveCfg = Release|Any CPU
		{CAC3088F-469A-43CB-B1EB-A0D15802A1D0}.Release|Any CPU.Build.0 = Release|Any CPU
		{CAC3088F-469A-43CB-B1EB-A0D15802A1D0}.Release|x64.ActiveCfg = Release|Any CPU
		{CAC3088F-469A-43CB-B1EB-A0D15802A1D0}.Release|x64.Build.0 = Release|Any CPU
		{CAC3088F-469A-43CB-B1EB-A0D15802A1D0}.Release|x86.ActiveCfg = Release|Any CPU
		{CAC3088F-469A-43CB-B1EB-A0D15802A1D0}.Release|x86.Build.0 = Release|Any CPU
		{F077ECCD-6210-4D05-8AB8-D17113A8A3C1}.Debug|Any CPU.ActiveCfg = Debug|Any CPU
		{F077ECCD-6210-4D05-8AB8-D17113A8A3C1}.Debug|Any CPU.Build.0 = Debug|Any CPU
		{F077ECCD-6210-4D05-8AB8-D17113A8A3C1}.Debug|x64.ActiveCfg = Debug|Any CPU
		{F077ECCD-6210-4D05-8AB8-D17113A8A3C1}.Debug|x64.Build.0 = Debug|Any CPU
		{F077ECCD-6210-4D05-8AB8-D17113A8A3C1}.Debug|x86.ActiveCfg = Debug|Any CPU
		{F077ECCD-6210-4D05-8AB8-D17113A8A3C1}.Debug|x86.Build.0 = Debug|Any CPU
		{F077ECCD-6210-4D05-8AB8-D17113A8A3C1}.Release|Any CPU.ActiveCfg = Release|Any CPU
		{F077ECCD-6210-4D05-8AB8-D17113A8A3C1}.Release|Any CPU.Build.0 = Release|Any CPU
		{F077ECCD-6210-4D05-8AB8-D17113A8A3C1}.Release|x64.ActiveCfg = Release|Any CPU
		{F077ECCD-6210-4D05-8AB8-D17113A8A3C1}.Release|x64.Build.0 = Release|Any CPU
		{F077ECCD-6210-4D05-8AB8-D17113A8A3C1}.Release|x86.ActiveCfg = Release|Any CPU
		{F077ECCD-6210-4D05-8AB8-D17113A8A3C1}.Release|x86.Build.0 = Release|Any CPU
		{62C8C460-3323-4AB6-B7F8-0D131C41BB3D}.Debug|Any CPU.ActiveCfg = Debug|Any CPU
		{62C8C460-3323-4AB6-B7F8-0D131C41BB3D}.Debug|Any CPU.Build.0 = Debug|Any CPU
		{62C8C460-3323-4AB6-B7F8-0D131C41BB3D}.Debug|x64.ActiveCfg = Debug|Any CPU
		{62C8C460-3323-4AB6-B7F8-0D131C41BB3D}.Debug|x64.Build.0 = Debug|Any CPU
		{62C8C460-3323-4AB6-B7F8-0D131C41BB3D}.Debug|x86.ActiveCfg = Debug|Any CPU
		{62C8C460-3323-4AB6-B7F8-0D131C41BB3D}.Debug|x86.Build.0 = Debug|Any CPU
		{62C8C460-3323-4AB6-B7F8-0D131C41BB3D}.Release|Any CPU.ActiveCfg = Release|Any CPU
		{62C8C460-3323-4AB6-B7F8-0D131C41BB3D}.Release|Any CPU.Build.0 = Release|Any CPU
		{62C8C460-3323-4AB6-B7F8-0D131C41BB3D}.Release|x64.ActiveCfg = Release|Any CPU
		{62C8C460-3323-4AB6-B7F8-0D131C41BB3D}.Release|x64.Build.0 = Release|Any CPU
		{62C8C460-3323-4AB6-B7F8-0D131C41BB3D}.Release|x86.ActiveCfg = Release|Any CPU
		{62C8C460-3323-4AB6-B7F8-0D131C41BB3D}.Release|x86.Build.0 = Release|Any CPU
		{2BEE2235-B78E-4120-B2CF-239394DDA667}.Debug|Any CPU.ActiveCfg = Debug|Any CPU
		{2BEE2235-B78E-4120-B2CF-239394DDA667}.Debug|Any CPU.Build.0 = Debug|Any CPU
		{2BEE2235-B78E-4120-B2CF-239394DDA667}.Debug|x64.ActiveCfg = Debug|Any CPU
		{2BEE2235-B78E-4120-B2CF-239394DDA667}.Debug|x64.Build.0 = Debug|Any CPU
		{2BEE2235-B78E-4120-B2CF-239394DDA667}.Debug|x86.ActiveCfg = Debug|Any CPU
		{2BEE2235-B78E-4120-B2CF-239394DDA667}.Debug|x86.Build.0 = Debug|Any CPU
		{2BEE2235-B78E-4120-B2CF-239394DDA667}.Release|Any CPU.ActiveCfg = Release|Any CPU
		{2BEE2235-B78E-4120-B2CF-239394DDA667}.Release|Any CPU.Build.0 = Release|Any CPU
		{2BEE2235-B78E-4120-B2CF-239394DDA667}.Release|x64.ActiveCfg = Release|Any CPU
		{2BEE2235-B78E-4120-B2CF-239394DDA667}.Release|x64.Build.0 = Release|Any CPU
		{2BEE2235-B78E-4120-B2CF-239394DDA667}.Release|x86.ActiveCfg = Release|Any CPU
		{2BEE2235-B78E-4120-B2CF-239394DDA667}.Release|x86.Build.0 = Release|Any CPU
		{CF3FB382-5828-40A7-99E9-BDE21279843E}.Debug|Any CPU.ActiveCfg = Debug|Any CPU
		{CF3FB382-5828-40A7-99E9-BDE21279843E}.Debug|Any CPU.Build.0 = Debug|Any CPU
		{CF3FB382-5828-40A7-99E9-BDE21279843E}.Debug|x64.ActiveCfg = Debug|Any CPU
		{CF3FB382-5828-40A7-99E9-BDE21279843E}.Debug|x64.Build.0 = Debug|Any CPU
		{CF3FB382-5828-40A7-99E9-BDE21279843E}.Debug|x86.ActiveCfg = Debug|Win32
		{CF3FB382-5828-40A7-99E9-BDE21279843E}.Debug|x86.Build.0 = Debug|Win32
		{CF3FB382-5828-40A7-99E9-BDE21279843E}.Release|Any CPU.ActiveCfg = Release|Any CPU
		{CF3FB382-5828-40A7-99E9-BDE21279843E}.Release|Any CPU.Build.0 = Release|Any CPU
		{CF3FB382-5828-40A7-99E9-BDE21279843E}.Release|x64.ActiveCfg = Release|Any CPU
		{CF3FB382-5828-40A7-99E9-BDE21279843E}.Release|x64.Build.0 = Release|Any CPU
		{CF3FB382-5828-40A7-99E9-BDE21279843E}.Release|x86.ActiveCfg = Release|Win32
		{CF3FB382-5828-40A7-99E9-BDE21279843E}.Release|x86.Build.0 = Release|Win32
		{5B50582D-40EE-4228-90C1-789665843B68}.Debug|Any CPU.ActiveCfg = Debug|Any CPU
		{5B50582D-40EE-4228-90C1-789665843B68}.Debug|Any CPU.Build.0 = Debug|Any CPU
		{5B50582D-40EE-4228-90C1-789665843B68}.Debug|x64.ActiveCfg = Debug|Any CPU
		{5B50582D-40EE-4228-90C1-789665843B68}.Debug|x64.Build.0 = Debug|Any CPU
		{5B50582D-40EE-4228-90C1-789665843B68}.Debug|x86.ActiveCfg = Debug|Any CPU
		{5B50582D-40EE-4228-90C1-789665843B68}.Debug|x86.Build.0 = Debug|Any CPU
		{5B50582D-40EE-4228-90C1-789665843B68}.Release|Any CPU.ActiveCfg = Release|Any CPU
		{5B50582D-40EE-4228-90C1-789665843B68}.Release|Any CPU.Build.0 = Release|Any CPU
		{5B50582D-40EE-4228-90C1-789665843B68}.Release|x64.ActiveCfg = Release|Any CPU
		{5B50582D-40EE-4228-90C1-789665843B68}.Release|x64.Build.0 = Release|Any CPU
		{5B50582D-40EE-4228-90C1-789665843B68}.Release|x86.ActiveCfg = Release|Any CPU
		{5B50582D-40EE-4228-90C1-789665843B68}.Release|x86.Build.0 = Release|Any CPU
		{D152D9A6-6DCD-49C2-88CB-84CC69279C10}.Debug|Any CPU.ActiveCfg = Debug|Any CPU
		{D152D9A6-6DCD-49C2-88CB-84CC69279C10}.Debug|Any CPU.Build.0 = Debug|Any CPU
		{D152D9A6-6DCD-49C2-88CB-84CC69279C10}.Debug|x64.ActiveCfg = Debug|Any CPU
		{D152D9A6-6DCD-49C2-88CB-84CC69279C10}.Debug|x64.Build.0 = Debug|Any CPU
		{D152D9A6-6DCD-49C2-88CB-84CC69279C10}.Debug|x86.ActiveCfg = Debug|Any CPU
		{D152D9A6-6DCD-49C2-88CB-84CC69279C10}.Debug|x86.Build.0 = Debug|Any CPU
		{D152D9A6-6DCD-49C2-88CB-84CC69279C10}.Release|Any CPU.ActiveCfg = Release|Any CPU
		{D152D9A6-6DCD-49C2-88CB-84CC69279C10}.Release|Any CPU.Build.0 = Release|Any CPU
		{D152D9A6-6DCD-49C2-88CB-84CC69279C10}.Release|x64.ActiveCfg = Release|Any CPU
		{D152D9A6-6DCD-49C2-88CB-84CC69279C10}.Release|x64.Build.0 = Release|Any CPU
		{D152D9A6-6DCD-49C2-88CB-84CC69279C10}.Release|x86.ActiveCfg = Release|Any CPU
		{D152D9A6-6DCD-49C2-88CB-84CC69279C10}.Release|x86.Build.0 = Release|Any CPU
		{04675A11-09E4-43BB-852F-5B304CCBFB09}.Debug|Any CPU.ActiveCfg = Debug|Any CPU
		{04675A11-09E4-43BB-852F-5B304CCBFB09}.Debug|Any CPU.Build.0 = Debug|Any CPU
		{04675A11-09E4-43BB-852F-5B304CCBFB09}.Debug|x64.ActiveCfg = Debug|Any CPU
		{04675A11-09E4-43BB-852F-5B304CCBFB09}.Debug|x64.Build.0 = Debug|Any CPU
		{04675A11-09E4-43BB-852F-5B304CCBFB09}.Debug|x86.ActiveCfg = Debug|Any CPU
		{04675A11-09E4-43BB-852F-5B304CCBFB09}.Debug|x86.Build.0 = Debug|Any CPU
		{04675A11-09E4-43BB-852F-5B304CCBFB09}.Release|Any CPU.ActiveCfg = Release|Any CPU
		{04675A11-09E4-43BB-852F-5B304CCBFB09}.Release|Any CPU.Build.0 = Release|Any CPU
		{04675A11-09E4-43BB-852F-5B304CCBFB09}.Release|x64.ActiveCfg = Release|Any CPU
		{04675A11-09E4-43BB-852F-5B304CCBFB09}.Release|x64.Build.0 = Release|Any CPU
		{04675A11-09E4-43BB-852F-5B304CCBFB09}.Release|x86.ActiveCfg = Release|Any CPU
		{04675A11-09E4-43BB-852F-5B304CCBFB09}.Release|x86.Build.0 = Release|Any CPU
		{E987B383-F445-445F-B0D1-EE67558C742E}.Debug|Any CPU.ActiveCfg = Debug|Any CPU
		{E987B383-F445-445F-B0D1-EE67558C742E}.Debug|Any CPU.Build.0 = Debug|Any CPU
		{E987B383-F445-445F-B0D1-EE67558C742E}.Debug|x64.ActiveCfg = Debug|Any CPU
		{E987B383-F445-445F-B0D1-EE67558C742E}.Debug|x64.Build.0 = Debug|Any CPU
		{E987B383-F445-445F-B0D1-EE67558C742E}.Debug|x86.ActiveCfg = Debug|Any CPU
		{E987B383-F445-445F-B0D1-EE67558C742E}.Debug|x86.Build.0 = Debug|Any CPU
		{E987B383-F445-445F-B0D1-EE67558C742E}.Release|Any CPU.ActiveCfg = Release|Any CPU
		{E987B383-F445-445F-B0D1-EE67558C742E}.Release|Any CPU.Build.0 = Release|Any CPU
		{E987B383-F445-445F-B0D1-EE67558C742E}.Release|x64.ActiveCfg = Release|Any CPU
		{E987B383-F445-445F-B0D1-EE67558C742E}.Release|x64.Build.0 = Release|Any CPU
		{E987B383-F445-445F-B0D1-EE67558C742E}.Release|x86.ActiveCfg = Release|Any CPU
		{E987B383-F445-445F-B0D1-EE67558C742E}.Release|x86.Build.0 = Release|Any CPU
	EndGlobalSection
	GlobalSection(SolutionProperties) = preSolution
		HideSolutionNode = FALSE
	EndGlobalSection
	GlobalSection(ExtensibilityGlobals) = postSolution
		SolutionGuid = {042617EC-1A80-4503-B056-E33A417ECF6F}
	EndGlobalSection
EndGlobal
