
Microsoft Visual Studio Solution File, Format Version 12.00
# Visual Studio Version 17
VisualStudioVersion = 17.4.33213.308
MinimumVisualStudioVersion = 10.0.40219.1
Project("{FAE04EC0-301F-11D3-BF4B-00C04F79EFBC}") = "MTHProject", "MTHProject\MTHProject.csproj", "{138D3D45-6D7E-409E-9124-C3654E0BDFB4}"
EndProject
Global
	GlobalSection(SolutionConfigurationPlatforms) = preSolution
		Debug|Any CPU = Debug|Any CPU
		Release|Any CPU = Release|Any CPU
	EndGlobalSection
	GlobalSection(ProjectConfigurationPlatforms) = postSolution
		{138D3D45-6D7E-409E-9124-C3654E0BDFB4}.Debug|Any CPU.ActiveCfg = Debug|Any CPU
		{138D3D45-6D7E-409E-9124-C3654E0BDFB4}.Debug|Any CPU.Build.0 = Debug|Any CPU
		{138D3D45-6D7E-409E-9124-C3654E0BDFB4}.Release|Any CPU.ActiveCfg = Release|Any CPU
		{138D3D45-6D7E-409E-9124-C3654E0BDFB4}.Release|Any CPU.Build.0 = Release|Any CPU
	EndGlobalSection
	GlobalSection(SolutionProperties) = preSolution
		HideSolutionNode = FALSE
	EndGlobalSection
	GlobalSection(ExtensibilityGlobals) = postSolution
		SolutionGuid = {6495C723-4622-4697-ACB6-27873FE1601A}
	EndGlobalSection
EndGlobal
