
Microsoft Visual Studio Solution File, Format Version 12.00
# Visual Studio Version 17
VisualStudioVersion = 17.13.35919.96 d17.13
MinimumVisualStudioVersion = 10.0.40219.1
Project("{FAE04EC0-301F-11D3-BF4B-00C04F79EFBC}") = "视频号", "视频号.csproj", "{37FA779C-A5FB-45EF-B330-D20AA0C156DA}"
EndProject
Project("{FAE04EC0-301F-11D3-BF4B-00C04F79EFBC}") = "视频号web端", "..\视频号web端\视频号web端.csproj", "{6211D944-4BEC-478A-81F3-AC5CA8638D37}"
EndProject
Global
	GlobalSection(SolutionConfigurationPlatforms) = preSolution
		Debug|Any CPU = Debug|Any CPU
		Release|Any CPU = Release|Any CPU
	EndGlobalSection
	GlobalSection(ProjectConfigurationPlatforms) = postSolution
		{37FA779C-A5FB-45EF-B330-D20AA0C156DA}.Debug|Any CPU.ActiveCfg = Debug|Any CPU
		{37FA779C-A5FB-45EF-B330-D20AA0C156DA}.Debug|Any CPU.Build.0 = Debug|Any CPU
		{37FA779C-A5FB-45EF-B330-D20AA0C156DA}.Release|Any CPU.ActiveCfg = Release|Any CPU
		{37FA779C-A5FB-45EF-B330-D20AA0C156DA}.Release|Any CPU.Build.0 = Release|Any CPU
		{6211D944-4BEC-478A-81F3-AC5CA8638D37}.Debug|Any CPU.ActiveCfg = Debug|Any CPU
		{6211D944-4BEC-478A-81F3-AC5CA8638D37}.Debug|Any CPU.Build.0 = Debug|Any CPU
		{6211D944-4BEC-478A-81F3-AC5CA8638D37}.Release|Any CPU.ActiveCfg = Release|Any CPU
		{6211D944-4BEC-478A-81F3-AC5CA8638D37}.Release|Any CPU.Build.0 = Release|Any CPU
	EndGlobalSection
	GlobalSection(SolutionProperties) = preSolution
		HideSolutionNode = FALSE
	EndGlobalSection
	GlobalSection(ExtensibilityGlobals) = postSolution
		SolutionGuid = {CD4B5E7C-1C8A-41E3-9FB4-FF1E35C1622A}
	EndGlobalSection
EndGlobal
