
Microsoft Visual Studio Solution File, Format Version 12.00
# Visual Studio 15
VisualStudioVersion = 15.0.27703.2042
MinimumVisualStudioVersion = 10.0.40219.1
Project("{FAE04EC0-301F-11D3-BF4B-00C04F79EFBC}") = "helper", "helper\helper.csproj", "{4AB3B912-E9F2-4425-82C0-505BDA466258}"
EndProject
Project("{FAE04EC0-301F-11D3-BF4B-00C04F79EFBC}") = "202007", "202007\202007.csproj", "{3AA14772-394B-4406-9FF8-FF8AE9B025AD}"
EndProject
Project("{FAE04EC0-301F-11D3-BF4B-00C04F79EFBC}") = "主程序202008", "主程序202008\主程序202008.csproj", "{172803DE-A54A-4085-B676-A4CAE1076909}"
EndProject
Project("{54435603-DBB4-11D2-8724-00A0C9A8B90C}") = "Setup1", "Setup1\Setup1.vdproj", "{4F25DE7E-8B72-4C9D-9523-53186C5111EC}"
EndProject
Project("{FAE04EC0-301F-11D3-BF4B-00C04F79EFBC}") = "研修网下载", "2020_1\研修网下载\研修网下载.csproj", "{53A5558D-87C7-456D-8165-210E6C88956A}"
EndProject
Project("{FAE04EC0-301F-11D3-BF4B-00C04F79EFBC}") = "模拟采集", "模拟采集\模拟采集.csproj", "{DA5D02B1-5CBF-4FC5-8A75-F4675BA32D9A}"
EndProject
Project("{FAE04EC0-301F-11D3-BF4B-00C04F79EFBC}") = "主程序1", "主程序1\主程序1.csproj", "{42E477CC-7FFE-4147-A1D6-1EC3B190AB39}"
EndProject
Project("{FAE04EC0-301F-11D3-BF4B-00C04F79EFBC}") = "淘宝商品抓取", "淘宝商品抓取\淘宝商品抓取.csproj", "{45BB1693-E035-4611-93BE-73A9C7752352}"
EndProject
Project("{FAE04EC0-301F-11D3-BF4B-00C04F79EFBC}") = "主程序202007", "主程序202007\主程序202007.csproj", "{9C8DDCA3-3D7B-4698-BCA6-1F27B7770EF3}"
EndProject
Project("{FAE04EC0-301F-11D3-BF4B-00C04F79EFBC}") = "主程序202006", "主程序202006\主程序202006.csproj", "{B9DDD006-8426-4603-A4E0-11A06426617B}"
EndProject
Project("{FAE04EC0-301F-11D3-BF4B-00C04F79EFBC}") = "主程序202009", "主程序202009\主程序202009.csproj", "{F00FDD2E-F931-48AE-AF7C-FEA740C2C751}"
EndProject
Global
	GlobalSection(SolutionConfigurationPlatforms) = preSolution
		Debug|Any CPU = Debug|Any CPU
		Release|Any CPU = Release|Any CPU
	EndGlobalSection
	GlobalSection(ProjectConfigurationPlatforms) = postSolution
		{4AB3B912-E9F2-4425-82C0-505BDA466258}.Debug|Any CPU.ActiveCfg = Debug|Any CPU
		{4AB3B912-E9F2-4425-82C0-505BDA466258}.Debug|Any CPU.Build.0 = Debug|Any CPU
		{4AB3B912-E9F2-4425-82C0-505BDA466258}.Release|Any CPU.ActiveCfg = Release|Any CPU
		{4AB3B912-E9F2-4425-82C0-505BDA466258}.Release|Any CPU.Build.0 = Release|Any CPU
		{3AA14772-394B-4406-9FF8-FF8AE9B025AD}.Debug|Any CPU.ActiveCfg = Debug|Any CPU
		{3AA14772-394B-4406-9FF8-FF8AE9B025AD}.Debug|Any CPU.Build.0 = Debug|Any CPU
		{3AA14772-394B-4406-9FF8-FF8AE9B025AD}.Release|Any CPU.ActiveCfg = Release|Any CPU
		{3AA14772-394B-4406-9FF8-FF8AE9B025AD}.Release|Any CPU.Build.0 = Release|Any CPU
		{172803DE-A54A-4085-B676-A4CAE1076909}.Debug|Any CPU.ActiveCfg = Debug|Any CPU
		{172803DE-A54A-4085-B676-A4CAE1076909}.Debug|Any CPU.Build.0 = Debug|Any CPU
		{172803DE-A54A-4085-B676-A4CAE1076909}.Release|Any CPU.ActiveCfg = Release|Any CPU
		{172803DE-A54A-4085-B676-A4CAE1076909}.Release|Any CPU.Build.0 = Release|Any CPU
		{4F25DE7E-8B72-4C9D-9523-53186C5111EC}.Debug|Any CPU.ActiveCfg = Debug
		{4F25DE7E-8B72-4C9D-9523-53186C5111EC}.Release|Any CPU.ActiveCfg = Release
		{53A5558D-87C7-456D-8165-210E6C88956A}.Debug|Any CPU.ActiveCfg = Debug|Any CPU
		{53A5558D-87C7-456D-8165-210E6C88956A}.Debug|Any CPU.Build.0 = Debug|Any CPU
		{53A5558D-87C7-456D-8165-210E6C88956A}.Release|Any CPU.ActiveCfg = Release|Any CPU
		{53A5558D-87C7-456D-8165-210E6C88956A}.Release|Any CPU.Build.0 = Release|Any CPU
		{DA5D02B1-5CBF-4FC5-8A75-F4675BA32D9A}.Debug|Any CPU.ActiveCfg = Debug|Any CPU
		{DA5D02B1-5CBF-4FC5-8A75-F4675BA32D9A}.Debug|Any CPU.Build.0 = Debug|Any CPU
		{DA5D02B1-5CBF-4FC5-8A75-F4675BA32D9A}.Release|Any CPU.ActiveCfg = Release|Any CPU
		{DA5D02B1-5CBF-4FC5-8A75-F4675BA32D9A}.Release|Any CPU.Build.0 = Release|Any CPU
		{42E477CC-7FFE-4147-A1D6-1EC3B190AB39}.Debug|Any CPU.ActiveCfg = Debug|Any CPU
		{42E477CC-7FFE-4147-A1D6-1EC3B190AB39}.Debug|Any CPU.Build.0 = Debug|Any CPU
		{42E477CC-7FFE-4147-A1D6-1EC3B190AB39}.Release|Any CPU.ActiveCfg = Release|Any CPU
		{42E477CC-7FFE-4147-A1D6-1EC3B190AB39}.Release|Any CPU.Build.0 = Release|Any CPU
		{45BB1693-E035-4611-93BE-73A9C7752352}.Debug|Any CPU.ActiveCfg = Debug|Any CPU
		{45BB1693-E035-4611-93BE-73A9C7752352}.Debug|Any CPU.Build.0 = Debug|Any CPU
		{45BB1693-E035-4611-93BE-73A9C7752352}.Release|Any CPU.ActiveCfg = Release|Any CPU
		{45BB1693-E035-4611-93BE-73A9C7752352}.Release|Any CPU.Build.0 = Release|Any CPU
		{9C8DDCA3-3D7B-4698-BCA6-1F27B7770EF3}.Debug|Any CPU.ActiveCfg = Debug|Any CPU
		{9C8DDCA3-3D7B-4698-BCA6-1F27B7770EF3}.Debug|Any CPU.Build.0 = Debug|Any CPU
		{9C8DDCA3-3D7B-4698-BCA6-1F27B7770EF3}.Release|Any CPU.ActiveCfg = Release|Any CPU
		{9C8DDCA3-3D7B-4698-BCA6-1F27B7770EF3}.Release|Any CPU.Build.0 = Release|Any CPU
		{B9DDD006-8426-4603-A4E0-11A06426617B}.Debug|Any CPU.ActiveCfg = Debug|Any CPU
		{B9DDD006-8426-4603-A4E0-11A06426617B}.Debug|Any CPU.Build.0 = Debug|Any CPU
		{B9DDD006-8426-4603-A4E0-11A06426617B}.Release|Any CPU.ActiveCfg = Release|Any CPU
		{B9DDD006-8426-4603-A4E0-11A06426617B}.Release|Any CPU.Build.0 = Release|Any CPU
		{F00FDD2E-F931-48AE-AF7C-FEA740C2C751}.Debug|Any CPU.ActiveCfg = Debug|Any CPU
		{F00FDD2E-F931-48AE-AF7C-FEA740C2C751}.Debug|Any CPU.Build.0 = Debug|Any CPU
		{F00FDD2E-F931-48AE-AF7C-FEA740C2C751}.Release|Any CPU.ActiveCfg = Release|Any CPU
		{F00FDD2E-F931-48AE-AF7C-FEA740C2C751}.Release|Any CPU.Build.0 = Release|Any CPU
	EndGlobalSection
	GlobalSection(SolutionProperties) = preSolution
		HideSolutionNode = FALSE
	EndGlobalSection
	GlobalSection(ExtensibilityGlobals) = postSolution
		SolutionGuid = {4EEF6826-0C80-4B2B-9027-7665963062A5}
	EndGlobalSection
EndGlobal
