
Microsoft Visual Studio Solution File, Format Version 12.00
# Visual Studio 15
VisualStudioVersion = 15.0.27703.2042
MinimumVisualStudioVersion = 10.0.40219.1
Project("{FAE04EC0-301F-11D3-BF4B-00C04F79EFBC}") = "helper", "helper\helper.csproj", "{4AB3B912-E9F2-4425-82C0-505BDA466258}"
EndProject
Project("{FAE04EC0-301F-11D3-BF4B-00C04F79EFBC}") = "商铺58", "商铺58\商铺58.csproj", "{5103A817-A6C5-44C1-B1D9-37E19941E85E}"
EndProject
Project("{FAE04EC0-301F-11D3-BF4B-00C04F79EFBC}") = "美团", "美团\美团.csproj", "{8C5F5C05-9A7A-482B-BF72-F023D47134D7}"
EndProject
Project("{FAE04EC0-301F-11D3-BF4B-00C04F79EFBC}") = "wuba", "wuba\wuba.csproj", "{DADE11CB-99AD-4C64-BCD0-60B001DEC9D6}"
EndProject
Project("{FAE04EC0-301F-11D3-BF4B-00C04F79EFBC}") = "股票统计", "股票统计\股票统计.csproj", "{1A23E3FC-4B63-48E6-95B9-FFE9FD414296}"
EndProject
Project("{FAE04EC0-301F-11D3-BF4B-00C04F79EFBC}") = "常用代码管理软件", "2019\常用代码管理软件\常用代码管理软件.csproj", "{221AD148-A3E4-4A13-8740-A7E0E97A006A}"
EndProject
Project("{FAE04EC0-301F-11D3-BF4B-00C04F79EFBC}") = "联通手机号", "联通手机号\联通手机号.csproj", "{C1F039F6-088E-4628-86A5-9CB69A6251D1}"
EndProject
Project("{FAE04EC0-301F-11D3-BF4B-00C04F79EFBC}") = "点评", "点评\点评.csproj", "{90F44618-2111-46B0-B0E8-7366375AE1CE}"
EndProject
Project("{FAE04EC0-301F-11D3-BF4B-00C04F79EFBC}") = "星巴克二维码", "星巴克二维码\星巴克二维码.csproj", "{3B604980-F9FC-45F6-B0D7-6EA38DA36F26}"
EndProject
Project("{FAE04EC0-301F-11D3-BF4B-00C04F79EFBC}") = "资和信", "资和信\资和信.csproj", "{CD28DD31-EF56-4317-9B89-D580D4C5A2EF}"
EndProject
Project("{FAE04EC0-301F-11D3-BF4B-00C04F79EFBC}") = "研修网下载", "研修网下载\研修网下载.csproj", "{53A5558D-87C7-456D-8165-210E6C88956A}"
EndProject
Project("{FAE04EC0-301F-11D3-BF4B-00C04F79EFBC}") = "link114", "link114\link114.csproj", "{DB2B2B41-897A-4E44-AB20-739A4B8B9B07}"
EndProject
Project("{FAE04EC0-301F-11D3-BF4B-00C04F79EFBC}") = "通用项目", "通用项目\通用项目.csproj", "{500A0B7D-FEB6-4A1F-BBB9-073D1ADFC47A}"
EndProject
Global
	GlobalSection(SolutionConfigurationPlatforms) = preSolution
		Debug|Any CPU = Debug|Any CPU
		Release|Any CPU = Release|Any CPU
	EndGlobalSection
	GlobalSection(ProjectConfigurationPlatforms) = postSolution
		{4AB3B912-E9F2-4425-82C0-505BDA466258}.Debug|Any CPU.ActiveCfg = Debug|Any CPU
		{4AB3B912-E9F2-4425-82C0-505BDA466258}.Debug|Any CPU.Build.0 = Debug|Any CPU
		{4AB3B912-E9F2-4425-82C0-505BDA466258}.Release|Any CPU.ActiveCfg = Release|Any CPU
		{4AB3B912-E9F2-4425-82C0-505BDA466258}.Release|Any CPU.Build.0 = Release|Any CPU
		{5103A817-A6C5-44C1-B1D9-37E19941E85E}.Debug|Any CPU.ActiveCfg = Debug|Any CPU
		{5103A817-A6C5-44C1-B1D9-37E19941E85E}.Debug|Any CPU.Build.0 = Debug|Any CPU
		{5103A817-A6C5-44C1-B1D9-37E19941E85E}.Release|Any CPU.ActiveCfg = Release|Any CPU
		{5103A817-A6C5-44C1-B1D9-37E19941E85E}.Release|Any CPU.Build.0 = Release|Any CPU
		{8C5F5C05-9A7A-482B-BF72-F023D47134D7}.Debug|Any CPU.ActiveCfg = Debug|Any CPU
		{8C5F5C05-9A7A-482B-BF72-F023D47134D7}.Debug|Any CPU.Build.0 = Debug|Any CPU
		{8C5F5C05-9A7A-482B-BF72-F023D47134D7}.Release|Any CPU.ActiveCfg = Release|Any CPU
		{8C5F5C05-9A7A-482B-BF72-F023D47134D7}.Release|Any CPU.Build.0 = Release|Any CPU
		{DADE11CB-99AD-4C64-BCD0-60B001DEC9D6}.Debug|Any CPU.ActiveCfg = Debug|Any CPU
		{DADE11CB-99AD-4C64-BCD0-60B001DEC9D6}.Debug|Any CPU.Build.0 = Debug|Any CPU
		{DADE11CB-99AD-4C64-BCD0-60B001DEC9D6}.Release|Any CPU.ActiveCfg = Release|Any CPU
		{DADE11CB-99AD-4C64-BCD0-60B001DEC9D6}.Release|Any CPU.Build.0 = Release|Any CPU
		{1A23E3FC-4B63-48E6-95B9-FFE9FD414296}.Debug|Any CPU.ActiveCfg = Debug|Any CPU
		{1A23E3FC-4B63-48E6-95B9-FFE9FD414296}.Debug|Any CPU.Build.0 = Debug|Any CPU
		{1A23E3FC-4B63-48E6-95B9-FFE9FD414296}.Release|Any CPU.ActiveCfg = Release|Any CPU
		{1A23E3FC-4B63-48E6-95B9-FFE9FD414296}.Release|Any CPU.Build.0 = Release|Any CPU
		{221AD148-A3E4-4A13-8740-A7E0E97A006A}.Debug|Any CPU.ActiveCfg = Debug|Any CPU
		{221AD148-A3E4-4A13-8740-A7E0E97A006A}.Debug|Any CPU.Build.0 = Debug|Any CPU
		{221AD148-A3E4-4A13-8740-A7E0E97A006A}.Release|Any CPU.ActiveCfg = Release|Any CPU
		{221AD148-A3E4-4A13-8740-A7E0E97A006A}.Release|Any CPU.Build.0 = Release|Any CPU
		{C1F039F6-088E-4628-86A5-9CB69A6251D1}.Debug|Any CPU.ActiveCfg = Debug|Any CPU
		{C1F039F6-088E-4628-86A5-9CB69A6251D1}.Debug|Any CPU.Build.0 = Debug|Any CPU
		{C1F039F6-088E-4628-86A5-9CB69A6251D1}.Release|Any CPU.ActiveCfg = Release|Any CPU
		{C1F039F6-088E-4628-86A5-9CB69A6251D1}.Release|Any CPU.Build.0 = Release|Any CPU
		{90F44618-2111-46B0-B0E8-7366375AE1CE}.Debug|Any CPU.ActiveCfg = Debug|Any CPU
		{90F44618-2111-46B0-B0E8-7366375AE1CE}.Debug|Any CPU.Build.0 = Debug|Any CPU
		{90F44618-2111-46B0-B0E8-7366375AE1CE}.Release|Any CPU.ActiveCfg = Release|Any CPU
		{90F44618-2111-46B0-B0E8-7366375AE1CE}.Release|Any CPU.Build.0 = Release|Any CPU
		{3B604980-F9FC-45F6-B0D7-6EA38DA36F26}.Debug|Any CPU.ActiveCfg = Debug|Any CPU
		{3B604980-F9FC-45F6-B0D7-6EA38DA36F26}.Debug|Any CPU.Build.0 = Debug|Any CPU
		{3B604980-F9FC-45F6-B0D7-6EA38DA36F26}.Release|Any CPU.ActiveCfg = Release|Any CPU
		{3B604980-F9FC-45F6-B0D7-6EA38DA36F26}.Release|Any CPU.Build.0 = Release|Any CPU
		{CD28DD31-EF56-4317-9B89-D580D4C5A2EF}.Debug|Any CPU.ActiveCfg = Debug|Any CPU
		{CD28DD31-EF56-4317-9B89-D580D4C5A2EF}.Debug|Any CPU.Build.0 = Debug|Any CPU
		{CD28DD31-EF56-4317-9B89-D580D4C5A2EF}.Release|Any CPU.ActiveCfg = Release|Any CPU
		{CD28DD31-EF56-4317-9B89-D580D4C5A2EF}.Release|Any CPU.Build.0 = Release|Any CPU
		{53A5558D-87C7-456D-8165-210E6C88956A}.Debug|Any CPU.ActiveCfg = Debug|Any CPU
		{53A5558D-87C7-456D-8165-210E6C88956A}.Debug|Any CPU.Build.0 = Debug|Any CPU
		{53A5558D-87C7-456D-8165-210E6C88956A}.Release|Any CPU.ActiveCfg = Release|Any CPU
		{53A5558D-87C7-456D-8165-210E6C88956A}.Release|Any CPU.Build.0 = Release|Any CPU
		{DB2B2B41-897A-4E44-AB20-739A4B8B9B07}.Debug|Any CPU.ActiveCfg = Debug|Any CPU
		{DB2B2B41-897A-4E44-AB20-739A4B8B9B07}.Debug|Any CPU.Build.0 = Debug|Any CPU
		{DB2B2B41-897A-4E44-AB20-739A4B8B9B07}.Release|Any CPU.ActiveCfg = Release|Any CPU
		{DB2B2B41-897A-4E44-AB20-739A4B8B9B07}.Release|Any CPU.Build.0 = Release|Any CPU
		{500A0B7D-FEB6-4A1F-BBB9-073D1ADFC47A}.Debug|Any CPU.ActiveCfg = Debug|Any CPU
		{500A0B7D-FEB6-4A1F-BBB9-073D1ADFC47A}.Debug|Any CPU.Build.0 = Debug|Any CPU
		{500A0B7D-FEB6-4A1F-BBB9-073D1ADFC47A}.Release|Any CPU.ActiveCfg = Release|Any CPU
		{500A0B7D-FEB6-4A1F-BBB9-073D1ADFC47A}.Release|Any CPU.Build.0 = Release|Any CPU
	EndGlobalSection
	GlobalSection(SolutionProperties) = preSolution
		HideSolutionNode = FALSE
	EndGlobalSection
	GlobalSection(ExtensibilityGlobals) = postSolution
		SolutionGuid = {4EEF6826-0C80-4B2B-9027-7665963062A5}
	EndGlobalSection
EndGlobal
