
Microsoft Visual Studio Solution File, Format Version 12.00
# Visual Studio Version 17
VisualStudioVersion = 17.1.32414.318
MinimumVisualStudioVersion = 10.0.40219.1
Project("{FAE04EC0-301F-11D3-BF4B-00C04F79EFBC}") = "ImageToASCIIconverter", "ImageToASCIIconverter.csproj", "{1650F96F-2B17-46A4-AD87-BE09D1C68808}"
EndProject
Global
	GlobalSection(SolutionConfigurationPlatforms) = preSolution
		Debug|Any CPU = Debug|Any CPU
		Release|Any CPU = Release|Any CPU
	EndGlobalSection
	GlobalSection(ProjectConfigurationPlatforms) = postSolution
		{1650F96F-2B17-46A4-AD87-BE09D1C68808}.Debug|Any CPU.ActiveCfg = Debug|Any CPU
		{1650F96F-2B17-46A4-AD87-BE09D1C68808}.Debug|Any CPU.Build.0 = Debug|Any CPU
		{1650F96F-2B17-46A4-AD87-BE09D1C68808}.Release|Any CPU.ActiveCfg = Release|Any CPU
		{1650F96F-2B17-46A4-AD87-BE09D1C68808}.Release|Any CPU.Build.0 = Release|Any CPU
	EndGlobalSection
	GlobalSection(SolutionProperties) = preSolution
		HideSolutionNode = FALSE
	EndGlobalSection
	GlobalSection(ExtensibilityGlobals) = postSolution
		SolutionGuid = {DB15A4F2-F7AC-452A-8984-94D4C3DF731E}
	EndGlobalSection
EndGlobal
