
Microsoft Visual Studio Solution File, Format Version 12.00
# Visual Studio 15
VisualStudioVersion = 15.0.27703.2042
MinimumVisualStudioVersion = 10.0.40219.1
Project("{FAE04EC0-301F-11D3-BF4B-00C04F79EFBC}") = "myDLL", "..\..\2020项目\总项目解决方案\myDLL\myDLL.csproj", "{BA236BE9-F18C-40F4-8015-1D3AE2E89448}"
EndProject
Project("{FAE04EC0-301F-11D3-BF4B-00C04F79EFBC}") = "helper", "..\..\2020项目\总项目解决方案\helper\helper.csproj", "{4AB3B912-E9F2-4425-82C0-505BDA466258}"
EndProject
Project("{FAE04EC0-301F-11D3-BF4B-00C04F79EFBC}") = "美团", "..\..\2020项目\总项目解决方案\2020_1\美团\美团.csproj", "{8C5F5C05-9A7A-482B-BF72-F023D47134D7}"
EndProject
Project("{FAE04EC0-301F-11D3-BF4B-00C04F79EFBC}") = "主程序202105", "主程序202105\主程序202105.csproj", "{8B18CA7D-B93E-4BB2-9650-84984D3FECFB}"
EndProject
Project("{FAE04EC0-301F-11D3-BF4B-00C04F79EFBC}") = "fiddler", "..\..\2020项目\总项目解决方案\fiddler\fiddler.csproj", "{62E71819-2617-4053-83B1-C685F61DFC66}"
EndProject
Project("{FAE04EC0-301F-11D3-BF4B-00C04F79EFBC}") = "新疆继续教育", "新疆继续教育\新疆继续教育.csproj", "{6D1E28EB-55E2-4D5E-B481-7E458CFF09FE}"
EndProject
Project("{FAE04EC0-301F-11D3-BF4B-00C04F79EFBC}") = "主程序202106", "主程序202106\主程序202106.csproj", "{CF3FB382-5828-40A7-99E9-BDE21279843E}"
EndProject
Project("{FAE04EC0-301F-11D3-BF4B-00C04F79EFBC}") = "客户美团", "客户美团\客户美团.csproj", "{8CEFDCD2-D773-45BA-822D-096ABB6DFE3C}"
EndProject
Project("{FAE04EC0-301F-11D3-BF4B-00C04F79EFBC}") = "musinsa网站复制淘宝", "musinsa网站复制淘宝\musinsa网站复制淘宝.csproj", "{349D9DB6-A3F0-49A4-B35A-ABD616899D2B}"
EndProject
Project("{FAE04EC0-301F-11D3-BF4B-00C04F79EFBC}") = "淘宝搜索结果抓取", "淘宝搜索结果抓取\淘宝搜索结果抓取.csproj", "{3BA95F99-8541-42D6-B7E9-AE543F742A3A}"
EndProject
Project("{FAE04EC0-301F-11D3-BF4B-00C04F79EFBC}") = "亚马逊谷歌浏览器点击", "亚马逊谷歌浏览器点击\亚马逊谷歌浏览器点击.csproj", "{4A84D5AB-CA78-4750-843C-5CD86FB3A784}"
EndProject
Project("{FAE04EC0-301F-11D3-BF4B-00C04F79EFBC}") = "百度文库API上传", "百度文库API上传\百度文库API上传.csproj", "{FC060C40-3C6A-4B21-ADA4-6B5B45D7B443}"
EndProject
Project("{FAE04EC0-301F-11D3-BF4B-00C04F79EFBC}") = "常用软件非客户", "..\..\2020项目\总项目解决方案\2020_1\常用软件非客户\常用软件非客户.csproj", "{C18B562A-4D6F-4D9F-B1AF-5581F1B2B458}"
EndProject
Project("{FAE04EC0-301F-11D3-BF4B-00C04F79EFBC}") = "文本图片提取", "文本图片提取\文本图片提取.csproj", "{F0E1EE5E-F70E-4055-B3E3-2D1A7AB71DE0}"
EndProject
Project("{FAE04EC0-301F-11D3-BF4B-00C04F79EFBC}") = "KC系统数据提取", "KC系统数据提取\KC系统数据提取.csproj", "{C68609B8-5159-428B-B905-9EECFF730216}"
EndProject
Project("{FAE04EC0-301F-11D3-BF4B-00C04F79EFBC}") = "主程序202102", "主程序202102\主程序202102.csproj", "{F7794530-879D-426D-8F1D-C5910BE99FDC}"
EndProject
Project("{FAE04EC0-301F-11D3-BF4B-00C04F79EFBC}") = "主程序202104", "主程序202104\主程序202104.csproj", "{2BEE2235-B78E-4120-B2CF-239394DDA667}"
EndProject
Project("{FAE04EC0-301F-11D3-BF4B-00C04F79EFBC}") = "模拟采集谷歌版", "..\..\2020项目\总项目解决方案\2020_1\模拟采集谷歌版\模拟采集谷歌版.csproj", "{0D38459E-0508-4FC2-A3AC-E1988936BB6C}"
EndProject
Project("{FAE04EC0-301F-11D3-BF4B-00C04F79EFBC}") = "webView2", "webView2\webView2.csproj", "{768DB1B3-E79B-4555-BA03-805DBE73D45D}"
EndProject
Project("{FAE04EC0-301F-11D3-BF4B-00C04F79EFBC}") = "webView2项目", "webView2项目\webView2项目.csproj", "{BB25F9A5-1A58-4F25-A841-E9188D99477F}"
EndProject
Project("{FAE04EC0-301F-11D3-BF4B-00C04F79EFBC}") = "地图营销", "地图营销\地图营销.csproj", "{D926D2C7-4AC0-4BF6-AEF3-5C35D0C38057}"
EndProject
Project("{FAE04EC0-301F-11D3-BF4B-00C04F79EFBC}") = "孔夫子淘宝低价", "孔夫子淘宝低价\孔夫子淘宝低价.csproj", "{1F62840B-8740-40EE-B926-2CF8CC7821C9}"
EndProject
Project("{FAE04EC0-301F-11D3-BF4B-00C04F79EFBC}") = "主程序202006", "..\..\2020项目\总项目解决方案\2020_1\主程序202006\主程序202006.csproj", "{B9DDD006-8426-4603-A4E0-11A06426617B}"
EndProject
Project("{FAE04EC0-301F-11D3-BF4B-00C04F79EFBC}") = "当当网类目采集", "当当网类目采集\当当网类目采集.csproj", "{FDEEC9C9-4412-4797-96DC-A1E6D1E88BC4}"
EndProject
Project("{FAE04EC0-301F-11D3-BF4B-00C04F79EFBC}") = "陌陌抓包测试工具", "陌陌抓包测试工具\陌陌抓包测试工具.csproj", "{1086CD8B-CAF8-413A-A474-A5DBD56DDE08}"
EndProject
Project("{FAE04EC0-301F-11D3-BF4B-00C04F79EFBC}") = "CF礼包领取", "CF礼包领取\CF礼包领取.csproj", "{A589DC8D-72E0-40F4-A9F5-8E1DB3C5FDDD}"
EndProject
Global
	GlobalSection(SolutionConfigurationPlatforms) = preSolution
		Debug|Any CPU = Debug|Any CPU
		Release|Any CPU = Release|Any CPU
	EndGlobalSection
	GlobalSection(ProjectConfigurationPlatforms) = postSolution
		{BA236BE9-F18C-40F4-8015-1D3AE2E89448}.Debug|Any CPU.ActiveCfg = Debug|Any CPU
		{BA236BE9-F18C-40F4-8015-1D3AE2E89448}.Debug|Any CPU.Build.0 = Debug|Any CPU
		{BA236BE9-F18C-40F4-8015-1D3AE2E89448}.Release|Any CPU.ActiveCfg = Release|Any CPU
		{BA236BE9-F18C-40F4-8015-1D3AE2E89448}.Release|Any CPU.Build.0 = Release|Any CPU
		{4AB3B912-E9F2-4425-82C0-505BDA466258}.Debug|Any CPU.ActiveCfg = Debug|Any CPU
		{4AB3B912-E9F2-4425-82C0-505BDA466258}.Debug|Any CPU.Build.0 = Debug|Any CPU
		{4AB3B912-E9F2-4425-82C0-505BDA466258}.Release|Any CPU.ActiveCfg = Release|Any CPU
		{4AB3B912-E9F2-4425-82C0-505BDA466258}.Release|Any CPU.Build.0 = Release|Any CPU
		{8C5F5C05-9A7A-482B-BF72-F023D47134D7}.Debug|Any CPU.ActiveCfg = Debug|Any CPU
		{8C5F5C05-9A7A-482B-BF72-F023D47134D7}.Debug|Any CPU.Build.0 = Debug|Any CPU
		{8C5F5C05-9A7A-482B-BF72-F023D47134D7}.Release|Any CPU.ActiveCfg = Release|Any CPU
		{8C5F5C05-9A7A-482B-BF72-F023D47134D7}.Release|Any CPU.Build.0 = Release|Any CPU
		{8B18CA7D-B93E-4BB2-9650-84984D3FECFB}.Debug|Any CPU.ActiveCfg = Debug|Any CPU
		{8B18CA7D-B93E-4BB2-9650-84984D3FECFB}.Debug|Any CPU.Build.0 = Debug|Any CPU
		{8B18CA7D-B93E-4BB2-9650-84984D3FECFB}.Release|Any CPU.ActiveCfg = Release|Any CPU
		{8B18CA7D-B93E-4BB2-9650-84984D3FECFB}.Release|Any CPU.Build.0 = Release|Any CPU
		{62E71819-2617-4053-83B1-C685F61DFC66}.Debug|Any CPU.ActiveCfg = Debug|Any CPU
		{62E71819-2617-4053-83B1-C685F61DFC66}.Debug|Any CPU.Build.0 = Debug|Any CPU
		{62E71819-2617-4053-83B1-C685F61DFC66}.Release|Any CPU.ActiveCfg = Release|Any CPU
		{62E71819-2617-4053-83B1-C685F61DFC66}.Release|Any CPU.Build.0 = Release|Any CPU
		{6D1E28EB-55E2-4D5E-B481-7E458CFF09FE}.Debug|Any CPU.ActiveCfg = Debug|Any CPU
		{6D1E28EB-55E2-4D5E-B481-7E458CFF09FE}.Debug|Any CPU.Build.0 = Debug|Any CPU
		{6D1E28EB-55E2-4D5E-B481-7E458CFF09FE}.Release|Any CPU.ActiveCfg = Release|Any CPU
		{6D1E28EB-55E2-4D5E-B481-7E458CFF09FE}.Release|Any CPU.Build.0 = Release|Any CPU
		{CF3FB382-5828-40A7-99E9-BDE21279843E}.Debug|Any CPU.ActiveCfg = Debug|Any CPU
		{CF3FB382-5828-40A7-99E9-BDE21279843E}.Debug|Any CPU.Build.0 = Debug|Any CPU
		{CF3FB382-5828-40A7-99E9-BDE21279843E}.Release|Any CPU.ActiveCfg = Release|Any CPU
		{CF3FB382-5828-40A7-99E9-BDE21279843E}.Release|Any CPU.Build.0 = Release|Any CPU
		{8CEFDCD2-D773-45BA-822D-096ABB6DFE3C}.Debug|Any CPU.ActiveCfg = Debug|Any CPU
		{8CEFDCD2-D773-45BA-822D-096ABB6DFE3C}.Debug|Any CPU.Build.0 = Debug|Any CPU
		{8CEFDCD2-D773-45BA-822D-096ABB6DFE3C}.Release|Any CPU.ActiveCfg = Release|Any CPU
		{8CEFDCD2-D773-45BA-822D-096ABB6DFE3C}.Release|Any CPU.Build.0 = Release|Any CPU
		{349D9DB6-A3F0-49A4-B35A-ABD616899D2B}.Debug|Any CPU.ActiveCfg = Debug|Any CPU
		{349D9DB6-A3F0-49A4-B35A-ABD616899D2B}.Debug|Any CPU.Build.0 = Debug|Any CPU
		{349D9DB6-A3F0-49A4-B35A-ABD616899D2B}.Release|Any CPU.ActiveCfg = Release|Any CPU
		{349D9DB6-A3F0-49A4-B35A-ABD616899D2B}.Release|Any CPU.Build.0 = Release|Any CPU
		{3BA95F99-8541-42D6-B7E9-AE543F742A3A}.Debug|Any CPU.ActiveCfg = Debug|Any CPU
		{3BA95F99-8541-42D6-B7E9-AE543F742A3A}.Debug|Any CPU.Build.0 = Debug|Any CPU
		{3BA95F99-8541-42D6-B7E9-AE543F742A3A}.Release|Any CPU.ActiveCfg = Release|Any CPU
		{3BA95F99-8541-42D6-B7E9-AE543F742A3A}.Release|Any CPU.Build.0 = Release|Any CPU
		{4A84D5AB-CA78-4750-843C-5CD86FB3A784}.Debug|Any CPU.ActiveCfg = Debug|Any CPU
		{4A84D5AB-CA78-4750-843C-5CD86FB3A784}.Debug|Any CPU.Build.0 = Debug|Any CPU
		{4A84D5AB-CA78-4750-843C-5CD86FB3A784}.Release|Any CPU.ActiveCfg = Release|Any CPU
		{4A84D5AB-CA78-4750-843C-5CD86FB3A784}.Release|Any CPU.Build.0 = Release|Any CPU
		{FC060C40-3C6A-4B21-ADA4-6B5B45D7B443}.Debug|Any CPU.ActiveCfg = Debug|Any CPU
		{FC060C40-3C6A-4B21-ADA4-6B5B45D7B443}.Debug|Any CPU.Build.0 = Debug|Any CPU
		{FC060C40-3C6A-4B21-ADA4-6B5B45D7B443}.Release|Any CPU.ActiveCfg = Release|Any CPU
		{FC060C40-3C6A-4B21-ADA4-6B5B45D7B443}.Release|Any CPU.Build.0 = Release|Any CPU
		{C18B562A-4D6F-4D9F-B1AF-5581F1B2B458}.Debug|Any CPU.ActiveCfg = Debug|Any CPU
		{C18B562A-4D6F-4D9F-B1AF-5581F1B2B458}.Debug|Any CPU.Build.0 = Debug|Any CPU
		{C18B562A-4D6F-4D9F-B1AF-5581F1B2B458}.Release|Any CPU.ActiveCfg = Release|Any CPU
		{C18B562A-4D6F-4D9F-B1AF-5581F1B2B458}.Release|Any CPU.Build.0 = Release|Any CPU
		{F0E1EE5E-F70E-4055-B3E3-2D1A7AB71DE0}.Debug|Any CPU.ActiveCfg = Debug|Any CPU
		{F0E1EE5E-F70E-4055-B3E3-2D1A7AB71DE0}.Debug|Any CPU.Build.0 = Debug|Any CPU
		{F0E1EE5E-F70E-4055-B3E3-2D1A7AB71DE0}.Release|Any CPU.ActiveCfg = Release|Any CPU
		{F0E1EE5E-F70E-4055-B3E3-2D1A7AB71DE0}.Release|Any CPU.Build.0 = Release|Any CPU
		{C68609B8-5159-428B-B905-9EECFF730216}.Debug|Any CPU.ActiveCfg = Debug|Any CPU
		{C68609B8-5159-428B-B905-9EECFF730216}.Debug|Any CPU.Build.0 = Debug|Any CPU
		{C68609B8-5159-428B-B905-9EECFF730216}.Release|Any CPU.ActiveCfg = Release|Any CPU
		{C68609B8-5159-428B-B905-9EECFF730216}.Release|Any CPU.Build.0 = Release|Any CPU
		{F7794530-879D-426D-8F1D-C5910BE99FDC}.Debug|Any CPU.ActiveCfg = Debug|Any CPU
		{F7794530-879D-426D-8F1D-C5910BE99FDC}.Debug|Any CPU.Build.0 = Debug|Any CPU
		{F7794530-879D-426D-8F1D-C5910BE99FDC}.Release|Any CPU.ActiveCfg = Release|Any CPU
		{F7794530-879D-426D-8F1D-C5910BE99FDC}.Release|Any CPU.Build.0 = Release|Any CPU
		{2BEE2235-B78E-4120-B2CF-239394DDA667}.Debug|Any CPU.ActiveCfg = Debug|Any CPU
		{2BEE2235-B78E-4120-B2CF-239394DDA667}.Debug|Any CPU.Build.0 = Debug|Any CPU
		{2BEE2235-B78E-4120-B2CF-239394DDA667}.Release|Any CPU.ActiveCfg = Release|Any CPU
		{2BEE2235-B78E-4120-B2CF-239394DDA667}.Release|Any CPU.Build.0 = Release|Any CPU
		{0D38459E-0508-4FC2-A3AC-E1988936BB6C}.Debug|Any CPU.ActiveCfg = Debug|Any CPU
		{0D38459E-0508-4FC2-A3AC-E1988936BB6C}.Debug|Any CPU.Build.0 = Debug|Any CPU
		{0D38459E-0508-4FC2-A3AC-E1988936BB6C}.Release|Any CPU.ActiveCfg = Release|Any CPU
		{0D38459E-0508-4FC2-A3AC-E1988936BB6C}.Release|Any CPU.Build.0 = Release|Any CPU
		{768DB1B3-E79B-4555-BA03-805DBE73D45D}.Debug|Any CPU.ActiveCfg = Debug|Any CPU
		{768DB1B3-E79B-4555-BA03-805DBE73D45D}.Debug|Any CPU.Build.0 = Debug|Any CPU
		{768DB1B3-E79B-4555-BA03-805DBE73D45D}.Release|Any CPU.ActiveCfg = Release|Any CPU
		{768DB1B3-E79B-4555-BA03-805DBE73D45D}.Release|Any CPU.Build.0 = Release|Any CPU
		{BB25F9A5-1A58-4F25-A841-E9188D99477F}.Debug|Any CPU.ActiveCfg = Debug|Any CPU
		{BB25F9A5-1A58-4F25-A841-E9188D99477F}.Debug|Any CPU.Build.0 = Debug|Any CPU
		{BB25F9A5-1A58-4F25-A841-E9188D99477F}.Release|Any CPU.ActiveCfg = Release|Any CPU
		{BB25F9A5-1A58-4F25-A841-E9188D99477F}.Release|Any CPU.Build.0 = Release|Any CPU
		{D926D2C7-4AC0-4BF6-AEF3-5C35D0C38057}.Debug|Any CPU.ActiveCfg = Debug|Any CPU
		{D926D2C7-4AC0-4BF6-AEF3-5C35D0C38057}.Debug|Any CPU.Build.0 = Debug|Any CPU
		{D926D2C7-4AC0-4BF6-AEF3-5C35D0C38057}.Release|Any CPU.ActiveCfg = Release|Any CPU
		{D926D2C7-4AC0-4BF6-AEF3-5C35D0C38057}.Release|Any CPU.Build.0 = Release|Any CPU
		{1F62840B-8740-40EE-B926-2CF8CC7821C9}.Debug|Any CPU.ActiveCfg = Debug|Any CPU
		{1F62840B-8740-40EE-B926-2CF8CC7821C9}.Debug|Any CPU.Build.0 = Debug|Any CPU
		{1F62840B-8740-40EE-B926-2CF8CC7821C9}.Release|Any CPU.ActiveCfg = Release|Any CPU
		{1F62840B-8740-40EE-B926-2CF8CC7821C9}.Release|Any CPU.Build.0 = Release|Any CPU
		{B9DDD006-8426-4603-A4E0-11A06426617B}.Debug|Any CPU.ActiveCfg = Debug|Any CPU
		{B9DDD006-8426-4603-A4E0-11A06426617B}.Debug|Any CPU.Build.0 = Debug|Any CPU
		{B9DDD006-8426-4603-A4E0-11A06426617B}.Release|Any CPU.ActiveCfg = Release|Any CPU
		{B9DDD006-8426-4603-A4E0-11A06426617B}.Release|Any CPU.Build.0 = Release|Any CPU
		{FDEEC9C9-4412-4797-96DC-A1E6D1E88BC4}.Debug|Any CPU.ActiveCfg = Debug|Any CPU
		{FDEEC9C9-4412-4797-96DC-A1E6D1E88BC4}.Debug|Any CPU.Build.0 = Debug|Any CPU
		{FDEEC9C9-4412-4797-96DC-A1E6D1E88BC4}.Release|Any CPU.ActiveCfg = Release|Any CPU
		{FDEEC9C9-4412-4797-96DC-A1E6D1E88BC4}.Release|Any CPU.Build.0 = Release|Any CPU
		{1086CD8B-CAF8-413A-A474-A5DBD56DDE08}.Debug|Any CPU.ActiveCfg = Debug|Any CPU
		{1086CD8B-CAF8-413A-A474-A5DBD56DDE08}.Debug|Any CPU.Build.0 = Debug|Any CPU
		{1086CD8B-CAF8-413A-A474-A5DBD56DDE08}.Release|Any CPU.ActiveCfg = Release|Any CPU
		{1086CD8B-CAF8-413A-A474-A5DBD56DDE08}.Release|Any CPU.Build.0 = Release|Any CPU
		{A589DC8D-72E0-40F4-A9F5-8E1DB3C5FDDD}.Debug|Any CPU.ActiveCfg = Debug|Any CPU
		{A589DC8D-72E0-40F4-A9F5-8E1DB3C5FDDD}.Debug|Any CPU.Build.0 = Debug|Any CPU
		{A589DC8D-72E0-40F4-A9F5-8E1DB3C5FDDD}.Release|Any CPU.ActiveCfg = Release|Any CPU
		{A589DC8D-72E0-40F4-A9F5-8E1DB3C5FDDD}.Release|Any CPU.Build.0 = Release|Any CPU
	EndGlobalSection
	GlobalSection(SolutionProperties) = preSolution
		HideSolutionNode = FALSE
	EndGlobalSection
	GlobalSection(ExtensibilityGlobals) = postSolution
		SolutionGuid = {9710815A-28C2-4368-8440-0226E4A2914A}
	EndGlobalSection
EndGlobal
