
Microsoft Visual Studio Solution File, Format Version 12.00
# Visual Studio 15
VisualStudioVersion = 15.0.27703.2042
MinimumVisualStudioVersion = 10.0.40219.1
Project("{FAE04EC0-301F-11D3-BF4B-00C04F79EFBC}") = "hook项目", "hook项目\hook项目.csproj", "{5831AE1A-B78D-4509-A02A-0F6692FD0858}"
EndProject
Global
	GlobalSection(SolutionConfigurationPlatforms) = preSolution
		Debug|Any CPU = Debug|Any CPU
		Release|Any CPU = Release|Any CPU
	EndGlobalSection
	GlobalSection(ProjectConfigurationPlatforms) = postSolution
		{5831AE1A-B78D-4509-A02A-0F6692FD0858}.Debug|Any CPU.ActiveCfg = Debug|Any CPU
		{5831AE1A-B78D-4509-A02A-0F6692FD0858}.Debug|Any CPU.Build.0 = Debug|Any CPU
		{5831AE1A-B78D-4509-A02A-0F6692FD0858}.Release|Any CPU.ActiveCfg = Release|Any CPU
		{5831AE1A-B78D-4509-A02A-0F6692FD0858}.Release|Any CPU.Build.0 = Release|Any CPU
	EndGlobalSection
	GlobalSection(SolutionProperties) = preSolution
		HideSolutionNode = FALSE
	EndGlobalSection
	GlobalSection(ExtensibilityGlobals) = postSolution
		SolutionGuid = {6D12073F-C3F1-43AA-AFBD-9D0535CDAFF7}
	EndGlobalSection
EndGlobal
