
Microsoft Visual Studio Solution File, Format Version 12.00
# Visual Studio 15
VisualStudioVersion = 15.0.27703.2042
MinimumVisualStudioVersion = 10.0.40219.1
Project("{FAE04EC0-301F-11D3-BF4B-00C04F79EFBC}") = "mouseClick", "mouseClick\mouseClick.csproj", "{893EAE18-B5F7-40E4-B6AF-93C971F26E58}"
EndProject
Global
	GlobalSection(SolutionConfigurationPlatforms) = preSolution
		Debug|Any CPU = Debug|Any CPU
		Release|Any CPU = Release|Any CPU
	EndGlobalSection
	GlobalSection(ProjectConfigurationPlatforms) = postSolution
		{893EAE18-B5F7-40E4-B6AF-93C971F26E58}.Debug|Any CPU.ActiveCfg = Debug|Any CPU
		{893EAE18-B5F7-40E4-B6AF-93C971F26E58}.Debug|Any CPU.Build.0 = Debug|Any CPU
		{893EAE18-B5F7-40E4-B6AF-93C971F26E58}.Release|Any CPU.ActiveCfg = Release|Any CPU
		{893EAE18-B5F7-40E4-B6AF-93C971F26E58}.Release|Any CPU.Build.0 = Release|Any CPU
	EndGlobalSection
	GlobalSection(SolutionProperties) = preSolution
		HideSolutionNode = FALSE
	EndGlobalSection
	GlobalSection(ExtensibilityGlobals) = postSolution
		SolutionGuid = {305020E7-EB4E-4400-8F61-E8B5D97049B2}
	EndGlobalSection
EndGlobal
