
Microsoft Visual Studio Solution File, Format Version 12.00
# Visual Studio Version 16
VisualStudioVersion = 16.0.28803.202
MinimumVisualStudioVersion = 10.0.40219.1
Project("{FAE04EC0-301F-11D3-BF4B-00C04F79EFBC}") = "main", "main\main.csproj", "{647699D2-FF57-4779-992C-A7E9D1B37DD0}"
EndProject
Global
	GlobalSection(SolutionConfigurationPlatforms) = preSolution
		Debug|Any CPU = Debug|Any CPU
		Release|Any CPU = Release|Any CPU
	EndGlobalSection
	GlobalSection(ProjectConfigurationPlatforms) = postSolution
		{647699D2-FF57-4779-992C-A7E9D1B37DD0}.Debug|Any CPU.ActiveCfg = Debug|Any CPU
		{647699D2-FF57-4779-992C-A7E9D1B37DD0}.Debug|Any CPU.Build.0 = Debug|Any CPU
		{647699D2-FF57-4779-992C-A7E9D1B37DD0}.Release|Any CPU.ActiveCfg = Release|Any CPU
		{647699D2-FF57-4779-992C-A7E9D1B37DD0}.Release|Any CPU.Build.0 = Release|Any CPU
	EndGlobalSection
	GlobalSection(SolutionProperties) = preSolution
		HideSolutionNode = FALSE
	EndGlobalSection
	GlobalSection(ExtensibilityGlobals) = postSolution
		SolutionGuid = {BC150E10-D9F1-4CDB-A1F7-9360CFD6B17A}
	EndGlobalSection
EndGlobal
