
Microsoft Visual Studio Solution File, Format Version 12.00
# Visual Studio 15
VisualStudioVersion = 15.0.27703.2042
MinimumVisualStudioVersion = 10.0.40219.1
Project("{FAE04EC0-301F-11D3-BF4B-00C04F79EFBC}") = "LEDSimulator", "LEDSimulator\LEDSimulator.csproj", "{F04E5F44-782E-47A7-9AFC-DEDE946E4F1C}"
EndProject
Global
	GlobalSection(SolutionConfigurationPlatforms) = preSolution
		Debug|Any CPU = Debug|Any CPU
		Release|Any CPU = Release|Any CPU
	EndGlobalSection
	GlobalSection(ProjectConfigurationPlatforms) = postSolution
		{F04E5F44-782E-47A7-9AFC-DEDE946E4F1C}.Debug|Any CPU.ActiveCfg = Debug|Any CPU
		{F04E5F44-782E-47A7-9AFC-DEDE946E4F1C}.Debug|Any CPU.Build.0 = Debug|Any CPU
		{F04E5F44-782E-47A7-9AFC-DEDE946E4F1C}.Release|Any CPU.ActiveCfg = Release|Any CPU
		{F04E5F44-782E-47A7-9AFC-DEDE946E4F1C}.Release|Any CPU.Build.0 = Release|Any CPU
	EndGlobalSection
	GlobalSection(SolutionProperties) = preSolution
		HideSolutionNode = FALSE
	EndGlobalSection
	GlobalSection(ExtensibilityGlobals) = postSolution
		SolutionGuid = {AA7FCB3D-9D19-4030-A0AE-BC097BF2F69F}
	EndGlobalSection
EndGlobal
