
Microsoft Visual Studio Solution File, Format Version 12.00
# Visual Studio 15
VisualStudioVersion = 15.0.27703.2042
MinimumVisualStudioVersion = 10.0.40219.1
Project("{FAE04EC0-301F-11D3-BF4B-00C04F79EFBC}") = "WebApplication2", "WebApplication2\WebApplication2.csproj", "{40ED448C-C26D-4B95-82BD-80C12CD43E4D}"
EndProject
Project("{FAE04EC0-301F-11D3-BF4B-00C04F79EFBC}") = "Model", "Model\Model.csproj", "{2348DD8F-7351-4AA8-9960-E86034A42D83}"
EndProject
Project("{FAE04EC0-301F-11D3-BF4B-00C04F79EFBC}") = "DAL", "DAL\DAL.csproj", "{BFC1C63B-4D6A-40AA-A827-D78F71F069FD}"
EndProject
Project("{FAE04EC0-301F-11D3-BF4B-00C04F79EFBC}") = "BAL", "BAL\BAL.csproj", "{70696946-CB98-4FD3-B4F0-F9B4590FEE4D}"
EndProject
Project("{FAE04EC0-301F-11D3-BF4B-00C04F79EFBC}") = "WebApplication3", "WebApplication3\WebApplication3.csproj", "{A3F93357-DA02-4629-B92D-B723A1761E23}"
EndProject
Global
	GlobalSection(SolutionConfigurationPlatforms) = preSolution
		Debug|Any CPU = Debug|Any CPU
		Release|Any CPU = Release|Any CPU
	EndGlobalSection
	GlobalSection(ProjectConfigurationPlatforms) = postSolution
		{40ED448C-C26D-4B95-82BD-80C12CD43E4D}.Debug|Any CPU.ActiveCfg = Debug|Any CPU
		{40ED448C-C26D-4B95-82BD-80C12CD43E4D}.Debug|Any CPU.Build.0 = Debug|Any CPU
		{40ED448C-C26D-4B95-82BD-80C12CD43E4D}.Release|Any CPU.ActiveCfg = Release|Any CPU
		{40ED448C-C26D-4B95-82BD-80C12CD43E4D}.Release|Any CPU.Build.0 = Release|Any CPU
		{2348DD8F-7351-4AA8-9960-E86034A42D83}.Debug|Any CPU.ActiveCfg = Debug|Any CPU
		{2348DD8F-7351-4AA8-9960-E86034A42D83}.Debug|Any CPU.Build.0 = Debug|Any CPU
		{2348DD8F-7351-4AA8-9960-E86034A42D83}.Release|Any CPU.ActiveCfg = Release|Any CPU
		{2348DD8F-7351-4AA8-9960-E86034A42D83}.Release|Any CPU.Build.0 = Release|Any CPU
		{BFC1C63B-4D6A-40AA-A827-D78F71F069FD}.Debug|Any CPU.ActiveCfg = Debug|Any CPU
		{BFC1C63B-4D6A-40AA-A827-D78F71F069FD}.Debug|Any CPU.Build.0 = Debug|Any CPU
		{BFC1C63B-4D6A-40AA-A827-D78F71F069FD}.Release|Any CPU.ActiveCfg = Release|Any CPU
		{BFC1C63B-4D6A-40AA-A827-D78F71F069FD}.Release|Any CPU.Build.0 = Release|Any CPU
		{70696946-CB98-4FD3-B4F0-F9B4590FEE4D}.Debug|Any CPU.ActiveCfg = Debug|Any CPU
		{70696946-CB98-4FD3-B4F0-F9B4590FEE4D}.Debug|Any CPU.Build.0 = Debug|Any CPU
		{70696946-CB98-4FD3-B4F0-F9B4590FEE4D}.Release|Any CPU.ActiveCfg = Release|Any CPU
		{70696946-CB98-4FD3-B4F0-F9B4590FEE4D}.Release|Any CPU.Build.0 = Release|Any CPU
		{A3F93357-DA02-4629-B92D-B723A1761E23}.Debug|Any CPU.ActiveCfg = Debug|Any CPU
		{A3F93357-DA02-4629-B92D-B723A1761E23}.Debug|Any CPU.Build.0 = Debug|Any CPU
		{A3F93357-DA02-4629-B92D-B723A1761E23}.Release|Any CPU.ActiveCfg = Release|Any CPU
		{A3F93357-DA02-4629-B92D-B723A1761E23}.Release|Any CPU.Build.0 = Release|Any CPU
	EndGlobalSection
	GlobalSection(SolutionProperties) = preSolution
		HideSolutionNode = FALSE
	EndGlobalSection
	GlobalSection(ExtensibilityGlobals) = postSolution
		SolutionGuid = {A78B0C28-FD00-4780-B620-D28F0E9FC658}
	EndGlobalSection
EndGlobal
