
Microsoft Visual Studio Solution File, Format Version 12.00
# Visual Studio 15
VisualStudioVersion = 15.0.27130.2024
MinimumVisualStudioVersion = 10.0.40219.1
Project("{FAE04EC0-301F-11D3-BF4B-00C04F79EFBC}") = "_58", "_58\_58.csproj", "{BFB2C7AC-4021-4C7C-8A6D-9FF05E8798FE}"
EndProject
Global
	GlobalSection(SolutionConfigurationPlatforms) = preSolution
		Debug|Any CPU = Debug|Any CPU
		Release|Any CPU = Release|Any CPU
	EndGlobalSection
	GlobalSection(ProjectConfigurationPlatforms) = postSolution
		{BFB2C7AC-4021-4C7C-8A6D-9FF05E8798FE}.Debug|Any CPU.ActiveCfg = Debug|Any CPU
		{BFB2C7AC-4021-4C7C-8A6D-9FF05E8798FE}.Debug|Any CPU.Build.0 = Debug|Any CPU
		{BFB2C7AC-4021-4C7C-8A6D-9FF05E8798FE}.Release|Any CPU.ActiveCfg = Release|Any CPU
		{BFB2C7AC-4021-4C7C-8A6D-9FF05E8798FE}.Release|Any CPU.Build.0 = Release|Any CPU
	EndGlobalSection
	GlobalSection(SolutionProperties) = preSolution
		HideSolutionNode = FALSE
	EndGlobalSection
	GlobalSection(ExtensibilityGlobals) = postSolution
		SolutionGuid = {C82B5F66-B9B6-4346-AEA8-7A83182CB866}
	EndGlobalSection
EndGlobal
