
Microsoft Visual Studio Solution File, Format Version 12.00
# Visual Studio 15
VisualStudioVersion = 15.0.27703.2042
MinimumVisualStudioVersion = 10.0.40219.1
Project("{FAE04EC0-301F-11D3-BF4B-00C04F79EFBC}") = "main", "main\main.csproj", "{5E6A1C9E-832F-40C0-AD92-64CC51D3ED04}"
EndProject
Global
	GlobalSection(SolutionConfigurationPlatforms) = preSolution
		Debug|Any CPU = Debug|Any CPU
		Release|Any CPU = Release|Any CPU
	EndGlobalSection
	GlobalSection(ProjectConfigurationPlatforms) = postSolution
		{5E6A1C9E-832F-40C0-AD92-64CC51D3ED04}.Debug|Any CPU.ActiveCfg = Debug|Any CPU
		{5E6A1C9E-832F-40C0-AD92-64CC51D3ED04}.Debug|Any CPU.Build.0 = Debug|Any CPU
		{5E6A1C9E-832F-40C0-AD92-64CC51D3ED04}.Release|Any CPU.ActiveCfg = Release|Any CPU
		{5E6A1C9E-832F-40C0-AD92-64CC51D3ED04}.Release|Any CPU.Build.0 = Release|Any CPU
	EndGlobalSection
	GlobalSection(SolutionProperties) = preSolution
		HideSolutionNode = FALSE
	EndGlobalSection
	GlobalSection(ExtensibilityGlobals) = postSolution
		SolutionGuid = {C002AD1F-527B-4656-89EF-0BDF2EB14E9E}
	EndGlobalSection
EndGlobal
